{
  "version": 4,
  "terraform_version": "1.5.7",
  "serial": 707,
  "lineage": "4e3989af-0a07-fc7f-61f1-0016d9a0b6bb",
  "outputs": {
    "api_gateway_execute_arn": {
      "value": "arn:aws:execute-api:eu-west-1:628403812475:o8c14cig05/*",
      "type": "string"
    },
    "api_gateway_invoke_url": {
      "value": "https://o8c14cig05.execute-api.eu-west-1.amazonaws.com/prod",
      "type": "string"
    },
    "ecr_repository_url": {
      "value": "628403812475.dkr.ecr.eu-west-1.amazonaws.com/service-bot",
      "type": "string"
    },
    "ecs_cluster_name": {
      "value": "service-bot-production-cluster",
      "type": "string"
    },
    "ecs_service_name": {
      "value": "service-bot-production-service",
      "type": "string"
    },
    "load_balancer_dns": {
      "value": "service-bot-production-alb-34661825.eu-west-1.elb.amazonaws.com",
      "type": "string"
    },
    "load_balancer_url": {
      "value": "http://service-bot-production-alb-34661825.eu-west-1.elb.amazonaws.com",
      "type": "string"
    }
  },
  "resources": [
    {
      "mode": "data",
      "type": "aws_subnets",
      "name": "default",
      "provider": "provider[\"registry.terraform.io/hashicorp/aws\"]",
      "instances": [
        {
          "schema_version": 0,
          "attributes": {
            "filter": [
              {
                "name": "vpc-id",
                "values": [
                  "vpc-003d01e655deb7266"
                ]
              }
            ],
            "id": "eu-west-1",
            "ids": [
              "subnet-0a7c5c102e2f33046",
              "subnet-0fd9a3c9f1bcda05e",
              "subnet-0a87b16f578fbd6b8"
            ],
            "tags": null,
            "timeouts": null
          },
          "sensitive_attributes": []
        }
      ]
    },
    {
      "mode": "data",
      "type": "aws_vpc",
      "name": "default",
      "provider": "provider[\"registry.terraform.io/hashicorp/aws\"]",
      "instances": [
        {
          "schema_version": 0,
          "attributes": {
            "arn": "arn:aws:ec2:eu-west-1:628403812475:vpc/vpc-003d01e655deb7266",
            "cidr_block": "172.31.0.0/16",
            "cidr_block_associations": [
              {
                "association_id": "vpc-cidr-assoc-02233d830e888376f",
                "cidr_block": "172.31.0.0/16",
                "state": "associated"
              }
            ],
            "default": true,
            "dhcp_options_id": "dopt-0d84dd2fc5966a99c",
            "enable_dns_hostnames": true,
            "enable_dns_support": true,
            "enable_network_address_usage_metrics": false,
            "filter": null,
            "id": "vpc-003d01e655deb7266",
            "instance_tenancy": "default",
            "ipv6_association_id": "",
            "ipv6_cidr_block": "",
            "main_route_table_id": "rtb-0e9904ccc53199f89",
            "owner_id": "628403812475",
            "state": null,
            "tags": {},
            "timeouts": null
          },
          "sensitive_attributes": []
        }
      ]
    },
    {
      "mode": "managed",
      "type": "aws_cloudwatch_log_group",
      "name": "service_bot",
      "provider": "provider[\"registry.terraform.io/hashicorp/aws\"]",
      "instances": [
        {
          "schema_version": 0,
          "attributes": {
            "arn": "arn:aws:logs:eu-west-1:628403812475:log-group:/ecs/service-bot",
            "id": "/ecs/service-bot",
            "kms_key_id": "",
            "log_group_class": "STANDARD",
            "name": "/ecs/service-bot",
            "name_prefix": "",
            "retention_in_days": 30,
            "skip_destroy": false,
            "tags": {
              "Name": "service-bot-production-logs"
            },
            "tags_all": {
              "Name": "service-bot-production-logs"
            }
          },
          "sensitive_attributes": [],
          "private": "bnVsbA=="
        }
      ]
    },
    {
      "mode": "managed",
      "type": "aws_ecr_repository",
      "name": "service_bot",
      "provider": "provider[\"registry.terraform.io/hashicorp/aws\"]",
      "instances": [
        {
          "schema_version": 0,
          "attributes": {
            "arn": "arn:aws:ecr:eu-west-1:628403812475:repository/service-bot",
            "encryption_configuration": [
              {
                "encryption_type": "AES256",
                "kms_key": ""
              }
            ],
            "force_delete": null,
            "id": "service-bot",
            "image_scanning_configuration": [
              {
                "scan_on_push": true
              }
            ],
            "image_tag_mutability": "MUTABLE",
            "name": "service-bot",
            "registry_id": "628403812475",
            "repository_url": "628403812475.dkr.ecr.eu-west-1.amazonaws.com/service-bot",
            "tags": {
              "Name": "service-bot-production-ecr"
            },
            "tags_all": {
              "Name": "service-bot-production-ecr"
            },
            "timeouts": null
          },
          "sensitive_attributes": [],
          "private": "eyJlMmJmYjczMC1lY2FhLTExZTYtOGY4OC0zNDM2M2JjN2M0YzAiOnsiZGVsZXRlIjoxMjAwMDAwMDAwMDAwfX0="
        }
      ]
    },
    {
      "mode": "managed",
      "type": "aws_ecs_cluster",
      "name": "service_bot",
      "provider": "provider[\"registry.terraform.io/hashicorp/aws\"]",
      "instances": [
        {
          "schema_version": 0,
          "attributes": {
            "arn": "arn:aws:ecs:eu-west-1:628403812475:cluster/service-bot-production-cluster",
            "configuration": [],
            "id": "arn:aws:ecs:eu-west-1:628403812475:cluster/service-bot-production-cluster",
            "name": "service-bot-production-cluster",
            "service_connect_defaults": [],
            "setting": [
              {
                "name": "containerInsights",
                "value": "enabled"
              }
            ],
            "tags": {
              "Name": "service-bot-production-cluster"
            },
            "tags_all": {
              "Name": "service-bot-production-cluster"
            }
          },
          "sensitive_attributes": [],
          "private": "bnVsbA=="
        }
      ]
    },
    {
      "mode": "managed",
      "type": "aws_ecs_service",
      "name": "service_bot",
      "provider": "provider[\"registry.terraform.io/hashicorp/aws\"]",
      "instances": [
        {
          "schema_version": 1,
          "attributes": {
            "alarms": [],
            "availability_zone_rebalancing": "DISABLED",
            "capacity_provider_strategy": [],
            "cluster": "arn:aws:ecs:eu-west-1:628403812475:cluster/service-bot-production-cluster",
            "deployment_circuit_breaker": [
              {
                "enable": false,
                "rollback": false
              }
            ],
            "deployment_controller": [
              {
                "type": "ECS"
              }
            ],
            "deployment_maximum_percent": 200,
            "deployment_minimum_healthy_percent": 100,
            "desired_count": 1,
            "enable_ecs_managed_tags": false,
            "enable_execute_command": false,
            "force_delete": null,
            "force_new_deployment": null,
            "health_check_grace_period_seconds": 0,
            "iam_role": "/aws-service-role/ecs.amazonaws.com/AWSServiceRoleForECS",
            "id": "arn:aws:ecs:eu-west-1:628403812475:service/service-bot-production-cluster/service-bot-production-service",
            "launch_type": "FARGATE",
            "load_balancer": [
              {
                "container_name": "service-bot",
                "container_port": 3000,
                "elb_name": "",
                "target_group_arn": "arn:aws:elasticloadbalancing:eu-west-1:628403812475:targetgroup/service-bot-production-tg/93c6070102dfb0c6"
              }
            ],
            "name": "service-bot-production-service",
            "network_configuration": [
              {
                "assign_public_ip": true,
                "security_groups": [
                  "sg-0942eee4f90e85bb4"
                ],
                "subnets": [
                  "subnet-0a7c5c102e2f33046",
                  "subnet-0a87b16f578fbd6b8",
                  "subnet-0fd9a3c9f1bcda05e"
                ]
              }
            ],
            "ordered_placement_strategy": [],
            "placement_constraints": [],
            "platform_version": "LATEST",
            "propagate_tags": "NONE",
            "scheduling_strategy": "REPLICA",
            "service_connect_configuration": [],
            "service_registries": [],
            "tags": {
              "Name": "service-bot-production-service"
            },
            "tags_all": {
              "Name": "service-bot-production-service"
            },
            "task_definition": "arn:aws:ecs:eu-west-1:628403812475:task-definition/service-bot:6",
            "timeouts": null,
            "triggers": {},
            "volume_configuration": [],
            "vpc_lattice_configurations": [],
            "wait_for_steady_state": false
          },
          "sensitive_attributes": [],
          "private": "eyJlMmJmYjczMC1lY2FhLTExZTYtOGY4OC0zNDM2M2JjN2M0YzAiOnsiY3JlYXRlIjoxMjAwMDAwMDAwMDAwLCJkZWxldGUiOjEyMDAwMDAwMDAwMDAsInVwZGF0ZSI6MTIwMDAwMDAwMDAwMH0sInNjaGVtYV92ZXJzaW9uIjoiMSJ9",
          "dependencies": [
            "aws_cloudwatch_log_group.service_bot",
            "aws_ecr_repository.service_bot",
            "aws_ecs_cluster.service_bot",
            "aws_ecs_task_definition.service_bot",
            "aws_iam_role.ecs_task_execution_role",
            "aws_iam_role.ecs_task_role",
            "aws_lb_listener.service_bot",
            "aws_lb_target_group.service_bot",
            "aws_security_group.service_bot",
            "data.aws_subnets.default"
          ]
        }
      ]
    },
    {
      "mode": "managed",
      "type": "aws_ecs_task_definition",
      "name": "service_bot",
      "provider": "provider[\"registry.terraform.io/hashicorp/aws\"]",
      "instances": [
        {
          "schema_version": 1,
          "attributes": {
            "arn": "arn:aws:ecs:eu-west-1:628403812475:task-definition/service-bot:6",
            "arn_without_revision": "arn:aws:ecs:eu-west-1:628403812475:task-definition/service-bot",
            "container_definitions": "[{\"environment\":[{\"name\":\"NODE_ENV\",\"value\":\"production\"},{\"name\":\"PORT\",\"value\":\"3000\"}],\"essential\":true,\"healthCheck\":{\"command\":[\"CMD-SHELL\",\"node -e \\\"require('http').get('http://localhost:3000/health', (res) =\u003e { process.exit(res.statusCode === 200 ? 0 : 1) })\\\"\"],\"interval\":30,\"retries\":3,\"startPeriod\":60,\"timeout\":5},\"image\":\"628403812475.dkr.ecr.eu-west-1.amazonaws.com/service-bot:latest\",\"logConfiguration\":{\"logDriver\":\"awslogs\",\"options\":{\"awslogs-region\":\"eu-west-1\",\"awslogs-stream-prefix\":\"ecs\",\"awslogs-group\":\"/ecs/service-bot\"}},\"mountPoints\":[],\"name\":\"service-bot\",\"portMappings\":[{\"containerPort\":3000,\"hostPort\":3000,\"protocol\":\"tcp\"}],\"secrets\":[{\"name\":\"ELEVENLABS_AGENT_ID\",\"valueFrom\":\"arn:aws:secretsmanager:eu-west-1:628403812475:secret:elevenlabs-agent-id\"},{\"name\":\"ELEVENLABS_API_KEY\",\"valueFrom\":\"arn:aws:secretsmanager:eu-west-1:628403812475:secret:elevenlabs-api-key\"},{\"name\":\"RESEND_API_KEY\",\"valueFrom\":\"arn:aws:secretsmanager:eu-west-1:628403812475:secret:resend\"},{\"name\":\"SALON_EMAIL\",\"valueFrom\":\"arn:aws:secretsmanager:eu-west-1:628403812475:secret:emailsalon\"}],\"systemControls\":[],\"volumesFrom\":[]}]",
            "cpu": "256",
            "enable_fault_injection": false,
            "ephemeral_storage": [],
            "execution_role_arn": "arn:aws:iam::628403812475:role/service-bot-production-ecs-task-execution-role",
            "family": "service-bot",
            "id": "service-bot",
            "inference_accelerator": [],
            "ipc_mode": "",
            "memory": "512",
            "network_mode": "awsvpc",
            "pid_mode": "",
            "placement_constraints": [],
            "proxy_configuration": [],
            "requires_compatibilities": [
              "FARGATE"
            ],
            "revision": 6,
            "runtime_platform": [],
            "skip_destroy": false,
            "tags": {
              "Name": "service-bot-production-task-def"
            },
            "tags_all": {
              "Name": "service-bot-production-task-def"
            },
            "task_role_arn": "arn:aws:iam::628403812475:role/service-bot-production-ecs-task-role",
            "track_latest": false,
            "volume": []
          },
          "sensitive_attributes": [],
          "private": "eyJzY2hlbWFfdmVyc2lvbiI6IjEifQ==",
          "dependencies": [
            "aws_cloudwatch_log_group.service_bot",
            "aws_ecr_repository.service_bot",
            "aws_iam_role.ecs_task_execution_role",
            "aws_iam_role.ecs_task_role"
          ]
        }
      ]
    },
    {
      "mode": "managed",
      "type": "aws_iam_role",
      "name": "ecs_task_execution_role",
      "provider": "provider[\"registry.terraform.io/hashicorp/aws\"]",
      "instances": [
        {
          "schema_version": 0,
          "attributes": {
            "arn": "arn:aws:iam::628403812475:role/service-bot-production-ecs-task-execution-role",
            "assume_role_policy": "{\"Statement\":[{\"Action\":\"sts:AssumeRole\",\"Effect\":\"Allow\",\"Principal\":{\"Service\":\"ecs-tasks.amazonaws.com\"}}],\"Version\":\"2012-10-17\"}",
            "create_date": "2025-09-01T15:11:06Z",
            "description": "",
            "force_detach_policies": false,
            "id": "service-bot-production-ecs-task-execution-role",
            "inline_policy": [],
            "managed_policy_arns": [
              "arn:aws:iam::aws:policy/SecretsManagerReadWrite",
              "arn:aws:iam::aws:policy/service-role/AmazonECSTaskExecutionRolePolicy"
            ],
            "max_session_duration": 3600,
            "name": "service-bot-production-ecs-task-execution-role",
            "name_prefix": "",
            "path": "/",
            "permissions_boundary": "",
            "tags": {},
            "tags_all": {},
            "unique_id": "AROAZET6JHB5YFAUB6NBK"
          },
          "sensitive_attributes": [],
          "private": "bnVsbA=="
        }
      ]
    },
    {
      "mode": "managed",
      "type": "aws_iam_role",
      "name": "ecs_task_role",
      "provider": "provider[\"registry.terraform.io/hashicorp/aws\"]",
      "instances": [
        {
          "schema_version": 0,
          "attributes": {
            "arn": "arn:aws:iam::628403812475:role/service-bot-production-ecs-task-role",
            "assume_role_policy": "{\"Statement\":[{\"Action\":\"sts:AssumeRole\",\"Effect\":\"Allow\",\"Principal\":{\"Service\":\"ecs-tasks.amazonaws.com\"}}],\"Version\":\"2012-10-17\"}",
            "create_date": "2025-09-01T15:11:06Z",
            "description": "",
            "force_detach_policies": false,
            "id": "service-bot-production-ecs-task-role",
            "inline_policy": [],
            "managed_policy_arns": [],
            "max_session_duration": 3600,
            "name": "service-bot-production-ecs-task-role",
            "name_prefix": "",
            "path": "/",
            "permissions_boundary": "",
            "tags": {},
            "tags_all": {},
            "unique_id": "AROAZET6JHB5RPAWQRVP5"
          },
          "sensitive_attributes": [],
          "private": "bnVsbA=="
        }
      ]
    },
    {
      "mode": "managed",
      "type": "aws_iam_role_policy_attachment",
      "name": "ecs_task_execution_role_policy",
      "provider": "provider[\"registry.terraform.io/hashicorp/aws\"]",
      "instances": [
        {
          "schema_version": 0,
          "attributes": {
            "id": "service-bot-production-ecs-task-execution-role-20250901151109072000000002",
            "policy_arn": "arn:aws:iam::aws:policy/service-role/AmazonECSTaskExecutionRolePolicy",
            "role": "service-bot-production-ecs-task-execution-role"
          },
          "sensitive_attributes": [],
          "private": "bnVsbA==",
          "dependencies": [
            "aws_iam_role.ecs_task_execution_role"
          ]
        }
      ]
    },
    {
      "mode": "managed",
      "type": "aws_iam_role_policy_attachment",
      "name": "ecs_task_execution_role_secrets",
      "provider": "provider[\"registry.terraform.io/hashicorp/aws\"]",
      "instances": [
        {
          "schema_version": 0,
          "attributes": {
            "id": "service-bot-production-ecs-task-execution-role-20250901151109071900000001",
            "policy_arn": "arn:aws:iam::aws:policy/SecretsManagerReadWrite",
            "role": "service-bot-production-ecs-task-execution-role"
          },
          "sensitive_attributes": [],
          "private": "bnVsbA==",
          "dependencies": [
            "aws_iam_role.ecs_task_execution_role"
          ]
        }
      ]
    },
    {
      "mode": "managed",
      "type": "aws_lb",
      "name": "service_bot",
      "provider": "provider[\"registry.terraform.io/hashicorp/aws\"]",
      "instances": [
        {
          "schema_version": 0,
          "attributes": {
            "access_logs": [
              {
                "bucket": "",
                "enabled": false,
                "prefix": ""
              }
            ],
            "arn": "arn:aws:elasticloadbalancing:eu-west-1:628403812475:loadbalancer/app/service-bot-production-alb/45c5e6bdbe6a9386",
            "arn_suffix": "app/service-bot-production-alb/45c5e6bdbe6a9386",
            "client_keep_alive": 3600,
            "connection_logs": [
              {
                "bucket": "",
                "enabled": false,
                "prefix": ""
              }
            ],
            "customer_owned_ipv4_pool": "",
            "desync_mitigation_mode": "defensive",
            "dns_name": "service-bot-production-alb-34661825.eu-west-1.elb.amazonaws.com",
            "dns_record_client_routing_policy": null,
            "drop_invalid_header_fields": false,
            "enable_cross_zone_load_balancing": true,
            "enable_deletion_protection": false,
            "enable_http2": true,
            "enable_tls_version_and_cipher_suite_headers": false,
            "enable_waf_fail_open": false,
            "enable_xff_client_port": false,
            "enable_zonal_shift": false,
            "enforce_security_group_inbound_rules_on_private_link_traffic": "",
            "id": "arn:aws:elasticloadbalancing:eu-west-1:628403812475:loadbalancer/app/service-bot-production-alb/45c5e6bdbe6a9386",
            "idle_timeout": 60,
            "internal": false,
            "ip_address_type": "ipv4",
            "ipam_pools": [],
            "load_balancer_type": "application",
            "minimum_load_balancer_capacity": [],
            "name": "service-bot-production-alb",
            "name_prefix": "",
            "preserve_host_header": false,
            "security_groups": [
              "sg-0942eee4f90e85bb4"
            ],
            "subnet_mapping": [
              {
                "allocation_id": "",
                "ipv6_address": "",
                "outpost_id": "",
                "private_ipv4_address": "",
                "subnet_id": "subnet-0a7c5c102e2f33046"
              },
              {
                "allocation_id": "",
                "ipv6_address": "",
                "outpost_id": "",
                "private_ipv4_address": "",
                "subnet_id": "subnet-0a87b16f578fbd6b8"
              },
              {
                "allocation_id": "",
                "ipv6_address": "",
                "outpost_id": "",
                "private_ipv4_address": "",
                "subnet_id": "subnet-0fd9a3c9f1bcda05e"
              }
            ],
            "subnets": [
              "subnet-0a7c5c102e2f33046",
              "subnet-0a87b16f578fbd6b8",
              "subnet-0fd9a3c9f1bcda05e"
            ],
            "tags": {
              "Name": "service-bot-production-alb"
            },
            "tags_all": {
              "Name": "service-bot-production-alb"
            },
            "timeouts": null,
            "vpc_id": "vpc-003d01e655deb7266",
            "xff_header_processing_mode": "append",
            "zone_id": "Z32O12XQLNTSW2"
          },
          "sensitive_attributes": [],
          "private": "eyJlMmJmYjczMC1lY2FhLTExZTYtOGY4OC0zNDM2M2JjN2M0YzAiOnsiY3JlYXRlIjo2MDAwMDAwMDAwMDAsImRlbGV0ZSI6NjAwMDAwMDAwMDAwLCJ1cGRhdGUiOjYwMDAwMDAwMDAwMH19",
          "dependencies": [
            "aws_security_group.service_bot",
            "data.aws_subnets.default",
            "data.aws_vpc.default"
          ],
          "create_before_destroy": true
        }
      ]
    },
    {
      "mode": "managed",
      "type": "aws_lb_listener",
      "name": "service_bot",
      "provider": "provider[\"registry.terraform.io/hashicorp/aws\"]",
      "instances": [
        {
          "schema_version": 0,
          "attributes": {
            "alpn_policy": null,
            "arn": "arn:aws:elasticloadbalancing:eu-west-1:628403812475:listener/app/service-bot-production-alb/45c5e6bdbe6a9386/19a8d90c6e0c0540",
            "certificate_arn": null,
            "default_action": [
              {
                "authenticate_cognito": [],
                "authenticate_oidc": [],
                "fixed_response": [],
                "forward": [],
                "order": 1,
                "redirect": [],
                "target_group_arn": "arn:aws:elasticloadbalancing:eu-west-1:628403812475:targetgroup/service-bot-production-tg/93c6070102dfb0c6",
                "type": "forward"
              }
            ],
            "id": "arn:aws:elasticloadbalancing:eu-west-1:628403812475:listener/app/service-bot-production-alb/45c5e6bdbe6a9386/19a8d90c6e0c0540",
            "load_balancer_arn": "arn:aws:elasticloadbalancing:eu-west-1:628403812475:loadbalancer/app/service-bot-production-alb/45c5e6bdbe6a9386",
            "mutual_authentication": [],
            "port": 80,
            "protocol": "HTTP",
            "routing_http_request_x_amzn_mtls_clientcert_header_name": null,
            "routing_http_request_x_amzn_mtls_clientcert_issuer_header_name": null,
            "routing_http_request_x_amzn_mtls_clientcert_leaf_header_name": null,
            "routing_http_request_x_amzn_mtls_clientcert_serial_number_header_name": null,
            "routing_http_request_x_amzn_mtls_clientcert_subject_header_name": null,
            "routing_http_request_x_amzn_mtls_clientcert_validity_header_name": null,
            "routing_http_request_x_amzn_tls_cipher_suite_header_name": null,
            "routing_http_request_x_amzn_tls_version_header_name": null,
            "routing_http_response_access_control_allow_credentials_header_value": "",
            "routing_http_response_access_control_allow_headers_header_value": "",
            "routing_http_response_access_control_allow_methods_header_value": "",
            "routing_http_response_access_control_allow_origin_header_value": "",
            "routing_http_response_access_control_expose_headers_header_value": "",
            "routing_http_response_access_control_max_age_header_value": "",
            "routing_http_response_content_security_policy_header_value": "",
            "routing_http_response_server_enabled": true,
            "routing_http_response_strict_transport_security_header_value": "",
            "routing_http_response_x_content_type_options_header_value": "",
            "routing_http_response_x_frame_options_header_value": "",
            "ssl_policy": "",
            "tags": {},
            "tags_all": {},
            "tcp_idle_timeout_seconds": null,
            "timeouts": null
          },
          "sensitive_attributes": [],
          "private": "eyJlMmJmYjczMC1lY2FhLTExZTYtOGY4OC0zNDM2M2JjN2M0YzAiOnsiY3JlYXRlIjozMDAwMDAwMDAwMDAsInVwZGF0ZSI6MzAwMDAwMDAwMDAwfX0=",
          "dependencies": [
            "aws_lb.service_bot",
            "aws_lb_target_group.service_bot",
            "aws_security_group.service_bot",
            "data.aws_subnets.default",
            "data.aws_vpc.default"
          ]
        }
      ]
    },
    {
      "mode": "managed",
      "type": "aws_lb_target_group",
      "name": "service_bot",
      "provider": "provider[\"registry.terraform.io/hashicorp/aws\"]",
      "instances": [
        {
          "schema_version": 0,
          "attributes": {
            "arn": "arn:aws:elasticloadbalancing:eu-west-1:628403812475:targetgroup/service-bot-production-tg/93c6070102dfb0c6",
            "arn_suffix": "targetgroup/service-bot-production-tg/93c6070102dfb0c6",
            "connection_termination": null,
            "deregistration_delay": "300",
            "health_check": [
              {
                "enabled": true,
                "healthy_threshold": 2,
                "interval": 30,
                "matcher": "200",
                "path": "/health",
                "port": "traffic-port",
                "protocol": "HTTP",
                "timeout": 5,
                "unhealthy_threshold": 2
              }
            ],
            "id": "arn:aws:elasticloadbalancing:eu-west-1:628403812475:targetgroup/service-bot-production-tg/93c6070102dfb0c6",
            "ip_address_type": "ipv4",
            "lambda_multi_value_headers_enabled": false,
            "load_balancer_arns": [
              "arn:aws:elasticloadbalancing:eu-west-1:628403812475:loadbalancer/app/service-bot-production-alb/45c5e6bdbe6a9386"
            ],
            "load_balancing_algorithm_type": "round_robin",
            "load_balancing_anomaly_mitigation": "off",
            "load_balancing_cross_zone_enabled": "use_load_balancer_configuration",
            "name": "service-bot-production-tg",
            "name_prefix": "",
            "port": 3000,
            "preserve_client_ip": null,
            "protocol": "HTTP",
            "protocol_version": "HTTP1",
            "proxy_protocol_v2": false,
            "slow_start": 0,
            "stickiness": [
              {
                "cookie_duration": 86400,
                "cookie_name": "",
                "enabled": false,
                "type": "lb_cookie"
              }
            ],
            "tags": {
              "Name": "service-bot-production-tg"
            },
            "tags_all": {
              "Name": "service-bot-production-tg"
            },
            "target_failover": [
              {
                "on_deregistration": null,
                "on_unhealthy": null
              }
            ],
            "target_group_health": [
              {
                "dns_failover": [
                  {
                    "minimum_healthy_targets_count": "1",
                    "minimum_healthy_targets_percentage": "off"
                  }
                ],
                "unhealthy_state_routing": [
                  {
                    "minimum_healthy_targets_count": 1,
                    "minimum_healthy_targets_percentage": "off"
                  }
                ]
              }
            ],
            "target_health_state": [
              {
                "enable_unhealthy_connection_termination": null,
                "unhealthy_draining_interval": null
              }
            ],
            "target_type": "ip",
            "vpc_id": "vpc-003d01e655deb7266"
          },
          "sensitive_attributes": [],
          "private": "bnVsbA==",
          "dependencies": [
            "data.aws_vpc.default"
          ]
        }
      ]
    },
    {
      "mode": "managed",
      "type": "aws_security_group",
      "name": "service_bot",
      "provider": "provider[\"registry.terraform.io/hashicorp/aws\"]",
      "instances": [
        {
          "schema_version": 1,
          "attributes": {
            "arn": "arn:aws:ec2:eu-west-1:628403812475:security-group/sg-0942eee4f90e85bb4",
            "description": "Security group for Service Bot",
            "egress": [
              {
                "cidr_blocks": [
                  "0.0.0.0/0"
                ],
                "description": "",
                "from_port": 0,
                "ipv6_cidr_blocks": [],
                "prefix_list_ids": [],
                "protocol": "-1",
                "security_groups": [],
                "self": false,
                "to_port": 0
              }
            ],
            "id": "sg-0942eee4f90e85bb4",
            "ingress": [
              {
                "cidr_blocks": [
                  "0.0.0.0/0"
                ],
                "description": "Container port for health checks",
                "from_port": 3000,
                "ipv6_cidr_blocks": [],
                "prefix_list_ids": [],
                "protocol": "tcp",
                "security_groups": [],
                "self": false,
                "to_port": 3000
              },
              {
                "cidr_blocks": [
                  "0.0.0.0/0"
                ],
                "description": "HTTP from Load Balancer",
                "from_port": 80,
                "ipv6_cidr_blocks": [],
                "prefix_list_ids": [],
                "protocol": "tcp",
                "security_groups": [],
                "self": false,
                "to_port": 80
              }
            ],
            "name": "service-bot-production-sg",
            "name_prefix": "",
            "owner_id": "628403812475",
            "revoke_rules_on_delete": false,
            "tags": {
              "Name": "service-bot-production-sg"
            },
            "tags_all": {
              "Name": "service-bot-production-sg"
            },
            "timeouts": null,
            "vpc_id": "vpc-003d01e655deb7266"
          },
          "sensitive_attributes": [],
          "private": "eyJlMmJmYjczMC1lY2FhLTExZTYtOGY4OC0zNDM2M2JjN2M0YzAiOnsiY3JlYXRlIjo2MDAwMDAwMDAwMDAsImRlbGV0ZSI6OTAwMDAwMDAwMDAwfSwic2NoZW1hX3ZlcnNpb24iOiIxIn0=",
          "dependencies": [
            "data.aws_vpc.default"
          ],
          "create_before_destroy": true
        }
      ]
    },
    {
      "module": "module.api_gateway",
      "mode": "managed",
      "type": "aws_api_gateway_deployment",
      "name": "service_bot",
      "provider": "provider[\"registry.terraform.io/hashicorp/aws\"]",
      "instances": [
        {
          "schema_version": 0,
          "attributes": {
            "canary_settings": [],
            "created_date": "2025-09-01T19:25:04Z",
            "description": "",
            "execution_arn": "arn:aws:execute-api:eu-west-1:628403812475:o8c14cig05/",
            "id": "njo8mh",
            "invoke_url": "https://o8c14cig05.execute-api.eu-west-1.amazonaws.com/",
            "rest_api_id": "o8c14cig05",
            "stage_description": null,
            "stage_name": null,
            "triggers": null,
            "variables": null
          },
          "sensitive_attributes": [],
          "private": "bnVsbA==",
          "dependencies": [
            "aws_lb.service_bot",
            "aws_security_group.service_bot",
            "data.aws_subnets.default",
            "data.aws_vpc.default",
            "module.api_gateway.aws_api_gateway_integration.appointments_available_times_date_integration",
            "module.api_gateway.aws_api_gateway_integration.appointments_available_times_integration",
            "module.api_gateway.aws_api_gateway_integration.appointments_book_integration",
            "module.api_gateway.aws_api_gateway_integration.appointments_parse_datetime_integration",
            "module.api_gateway.aws_api_gateway_integration.appointments_send_email_integration",
            "module.api_gateway.aws_api_gateway_integration.elevenlabs_health_integration",
            "module.api_gateway.aws_api_gateway_integration.general_about_integration",
            "module.api_gateway.aws_api_gateway_integration.general_contact_integration",
            "module.api_gateway.aws_api_gateway_integration.general_services_overview_integration",
            "module.api_gateway.aws_api_gateway_integration.general_status_integration",
            "module.api_gateway.aws_api_gateway_integration.general_welcome_integration",
            "module.api_gateway.aws_api_gateway_integration.health_integration",
            "module.api_gateway.aws_api_gateway_integration.hours_integration",
            "module.api_gateway.aws_api_gateway_integration.hours_status_integration",
            "module.api_gateway.aws_api_gateway_integration.hours_today_integration",
            "module.api_gateway.aws_api_gateway_integration.hours_week_integration",
            "module.api_gateway.aws_api_gateway_integration.location_address_integration",
            "module.api_gateway.aws_api_gateway_integration.location_directions_integration",
            "module.api_gateway.aws_api_gateway_integration.location_integration",
            "module.api_gateway.aws_api_gateway_integration.location_parking_integration",
            "module.api_gateway.aws_api_gateway_integration.location_summary_integration",
            "module.api_gateway.aws_api_gateway_integration.location_transport_integration",
            "module.api_gateway.aws_api_gateway_integration.root_integration",
            "module.api_gateway.aws_api_gateway_integration.services_category_dynamic_integration",
            "module.api_gateway.aws_api_gateway_integration.services_category_integration",
            "module.api_gateway.aws_api_gateway_integration.services_integration",
            "module.api_gateway.aws_api_gateway_integration.services_popular_integration",
            "module.api_gateway.aws_api_gateway_integration.services_price_range_integration",
            "module.api_gateway.aws_api_gateway_integration.services_price_range_min_integration",
            "module.api_gateway.aws_api_gateway_integration.services_price_range_min_max_integration",
            "module.api_gateway.aws_api_gateway_integration.services_search_integration",
            "module.api_gateway.aws_api_gateway_integration.services_test_search_integration",
            "module.api_gateway.aws_api_gateway_integration.services_test_search_term_integration",
            "module.api_gateway.aws_api_gateway_integration.webhook_integration",
            "module.api_gateway.aws_api_gateway_method.appointments_available_times_date_get",
            "module.api_gateway.aws_api_gateway_method.appointments_available_times_get",
            "module.api_gateway.aws_api_gateway_method.appointments_book_post",
            "module.api_gateway.aws_api_gateway_method.appointments_parse_datetime_post",
            "module.api_gateway.aws_api_gateway_method.appointments_send_email_post",
            "module.api_gateway.aws_api_gateway_method.elevenlabs_health_get",
            "module.api_gateway.aws_api_gateway_method.general_about_get",
            "module.api_gateway.aws_api_gateway_method.general_contact_get",
            "module.api_gateway.aws_api_gateway_method.general_services_overview_get",
            "module.api_gateway.aws_api_gateway_method.general_status_get",
            "module.api_gateway.aws_api_gateway_method.general_welcome_get",
            "module.api_gateway.aws_api_gateway_method.health_get",
            "module.api_gateway.aws_api_gateway_method.hours_get",
            "module.api_gateway.aws_api_gateway_method.hours_status_get",
            "module.api_gateway.aws_api_gateway_method.hours_today_get",
            "module.api_gateway.aws_api_gateway_method.hours_week_get",
            "module.api_gateway.aws_api_gateway_method.location_address_get",
            "module.api_gateway.aws_api_gateway_method.location_directions_get",
            "module.api_gateway.aws_api_gateway_method.location_get",
            "module.api_gateway.aws_api_gateway_method.location_parking_get",
            "module.api_gateway.aws_api_gateway_method.location_summary_get",
            "module.api_gateway.aws_api_gateway_method.location_transport_get",
            "module.api_gateway.aws_api_gateway_method.root_get",
            "module.api_gateway.aws_api_gateway_method.services_category_dynamic_get",
            "module.api_gateway.aws_api_gateway_method.services_category_get",
            "module.api_gateway.aws_api_gateway_method.services_get",
            "module.api_gateway.aws_api_gateway_method.services_popular_get",
            "module.api_gateway.aws_api_gateway_method.services_price_range_get",
            "module.api_gateway.aws_api_gateway_method.services_price_range_min_get",
            "module.api_gateway.aws_api_gateway_method.services_price_range_min_max_get",
            "module.api_gateway.aws_api_gateway_method.services_search_get",
            "module.api_gateway.aws_api_gateway_method.services_test_search_get",
            "module.api_gateway.aws_api_gateway_method.services_test_search_term_get",
            "module.api_gateway.aws_api_gateway_method.webhook_post",
            "module.api_gateway.aws_api_gateway_resource.api",
            "module.api_gateway.aws_api_gateway_resource.appointments",
            "module.api_gateway.aws_api_gateway_resource.appointments_available_times",
            "module.api_gateway.aws_api_gateway_resource.appointments_available_times_date",
            "module.api_gateway.aws_api_gateway_resource.appointments_book",
            "module.api_gateway.aws_api_gateway_resource.appointments_parse_datetime",
            "module.api_gateway.aws_api_gateway_resource.appointments_send_email",
            "module.api_gateway.aws_api_gateway_resource.elevenlabs",
            "module.api_gateway.aws_api_gateway_resource.elevenlabs_health",
            "module.api_gateway.aws_api_gateway_resource.general",
            "module.api_gateway.aws_api_gateway_resource.general_about",
            "module.api_gateway.aws_api_gateway_resource.general_contact",
            "module.api_gateway.aws_api_gateway_resource.general_services_overview",
            "module.api_gateway.aws_api_gateway_resource.general_status",
            "module.api_gateway.aws_api_gateway_resource.general_welcome",
            "module.api_gateway.aws_api_gateway_resource.hours",
            "module.api_gateway.aws_api_gateway_resource.hours_status",
            "module.api_gateway.aws_api_gateway_resource.hours_today",
            "module.api_gateway.aws_api_gateway_resource.hours_week",
            "module.api_gateway.aws_api_gateway_resource.location",
            "module.api_gateway.aws_api_gateway_resource.location_address",
            "module.api_gateway.aws_api_gateway_resource.location_directions",
            "module.api_gateway.aws_api_gateway_resource.location_parking",
            "module.api_gateway.aws_api_gateway_resource.location_summary",
            "module.api_gateway.aws_api_gateway_resource.location_transport",
            "module.api_gateway.aws_api_gateway_resource.root",
            "module.api_gateway.aws_api_gateway_resource.services",
            "module.api_gateway.aws_api_gateway_resource.services_category",
            "module.api_gateway.aws_api_gateway_resource.services_category_dynamic",
            "module.api_gateway.aws_api_gateway_resource.services_popular",
            "module.api_gateway.aws_api_gateway_resource.services_price_range",
            "module.api_gateway.aws_api_gateway_resource.services_price_range_min",
            "module.api_gateway.aws_api_gateway_resource.services_price_range_min_max",
            "module.api_gateway.aws_api_gateway_resource.services_search",
            "module.api_gateway.aws_api_gateway_resource.services_test_search",
            "module.api_gateway.aws_api_gateway_resource.services_test_search_term",
            "module.api_gateway.aws_api_gateway_resource.webhook",
            "module.api_gateway.aws_api_gateway_rest_api.service_bot"
          ],
          "create_before_destroy": true
        }
      ]
    },
    {
      "module": "module.api_gateway",
      "mode": "managed",
      "type": "aws_api_gateway_integration",
      "name": "appointments_available_times_date_integration",
      "provider": "provider[\"registry.terraform.io/hashicorp/aws\"]",
      "instances": [
        {
          "schema_version": 0,
          "attributes": {
            "cache_key_parameters": [],
            "cache_namespace": "bcctiy",
            "connection_id": "",
            "connection_type": "INTERNET",
            "content_handling": "",
            "credentials": "",
            "http_method": "GET",
            "id": "agi-o8c14cig05-bcctiy-GET",
            "integration_http_method": "GET",
            "passthrough_behavior": "WHEN_NO_MATCH",
            "request_parameters": {},
            "request_templates": {},
            "resource_id": "bcctiy",
            "rest_api_id": "o8c14cig05",
            "timeout_milliseconds": 29000,
            "tls_config": [],
            "type": "HTTP_PROXY",
            "uri": "http://service-bot-production-alb-34661825.eu-west-1.elb.amazonaws.com/api/appointments/available-times/{date}"
          },
          "sensitive_attributes": [],
          "private": "bnVsbA==",
          "dependencies": [
            "aws_lb.service_bot",
            "aws_security_group.service_bot",
            "data.aws_subnets.default",
            "data.aws_vpc.default",
            "module.api_gateway.aws_api_gateway_method.appointments_available_times_date_get",
            "module.api_gateway.aws_api_gateway_resource.api",
            "module.api_gateway.aws_api_gateway_resource.appointments",
            "module.api_gateway.aws_api_gateway_resource.appointments_available_times",
            "module.api_gateway.aws_api_gateway_resource.appointments_available_times_date",
            "module.api_gateway.aws_api_gateway_rest_api.service_bot"
          ],
          "create_before_destroy": true
        }
      ]
    },
    {
      "module": "module.api_gateway",
      "mode": "managed",
      "type": "aws_api_gateway_integration",
      "name": "appointments_available_times_integration",
      "provider": "provider[\"registry.terraform.io/hashicorp/aws\"]",
      "instances": [
        {
          "schema_version": 0,
          "attributes": {
            "cache_key_parameters": [],
            "cache_namespace": "fx6ziv",
            "connection_id": "",
            "connection_type": "INTERNET",
            "content_handling": "",
            "credentials": "",
            "http_method": "GET",
            "id": "agi-o8c14cig05-fx6ziv-GET",
            "integration_http_method": "GET",
            "passthrough_behavior": "WHEN_NO_MATCH",
            "request_parameters": {},
            "request_templates": {},
            "resource_id": "fx6ziv",
            "rest_api_id": "o8c14cig05",
            "timeout_milliseconds": 29000,
            "tls_config": [],
            "type": "HTTP_PROXY",
            "uri": "http://service-bot-production-alb-34661825.eu-west-1.elb.amazonaws.com/api/appointments/available-times"
          },
          "sensitive_attributes": [],
          "private": "bnVsbA==",
          "dependencies": [
            "aws_lb.service_bot",
            "aws_security_group.service_bot",
            "data.aws_subnets.default",
            "data.aws_vpc.default",
            "module.api_gateway.aws_api_gateway_method.appointments_available_times_get",
            "module.api_gateway.aws_api_gateway_resource.api",
            "module.api_gateway.aws_api_gateway_resource.appointments",
            "module.api_gateway.aws_api_gateway_resource.appointments_available_times",
            "module.api_gateway.aws_api_gateway_rest_api.service_bot"
          ],
          "create_before_destroy": true
        }
      ]
    },
    {
      "module": "module.api_gateway",
      "mode": "managed",
      "type": "aws_api_gateway_integration",
      "name": "appointments_book_integration",
      "provider": "provider[\"registry.terraform.io/hashicorp/aws\"]",
      "instances": [
        {
          "schema_version": 0,
          "attributes": {
            "cache_key_parameters": [],
            "cache_namespace": "6oq4zf",
            "connection_id": "",
            "connection_type": "INTERNET",
            "content_handling": "",
            "credentials": "",
            "http_method": "POST",
            "id": "agi-o8c14cig05-6oq4zf-POST",
            "integration_http_method": "POST",
            "passthrough_behavior": "WHEN_NO_MATCH",
            "request_parameters": {},
            "request_templates": {},
            "resource_id": "6oq4zf",
            "rest_api_id": "o8c14cig05",
            "timeout_milliseconds": 29000,
            "tls_config": [],
            "type": "HTTP_PROXY",
            "uri": "http://service-bot-production-alb-34661825.eu-west-1.elb.amazonaws.com/api/appointments/book"
          },
          "sensitive_attributes": [],
          "private": "bnVsbA==",
          "dependencies": [
            "aws_lb.service_bot",
            "aws_security_group.service_bot",
            "data.aws_subnets.default",
            "data.aws_vpc.default",
            "module.api_gateway.aws_api_gateway_method.appointments_book_post",
            "module.api_gateway.aws_api_gateway_resource.api",
            "module.api_gateway.aws_api_gateway_resource.appointments",
            "module.api_gateway.aws_api_gateway_resource.appointments_book",
            "module.api_gateway.aws_api_gateway_rest_api.service_bot"
          ],
          "create_before_destroy": true
        }
      ]
    },
    {
      "module": "module.api_gateway",
      "mode": "managed",
      "type": "aws_api_gateway_integration",
      "name": "appointments_parse_datetime_integration",
      "provider": "provider[\"registry.terraform.io/hashicorp/aws\"]",
      "instances": [
        {
          "schema_version": 0,
          "attributes": {
            "cache_key_parameters": [],
            "cache_namespace": "v9o5z4",
            "connection_id": "",
            "connection_type": "INTERNET",
            "content_handling": "",
            "credentials": "",
            "http_method": "POST",
            "id": "agi-o8c14cig05-v9o5z4-POST",
            "integration_http_method": "POST",
            "passthrough_behavior": "WHEN_NO_MATCH",
            "request_parameters": {},
            "request_templates": {},
            "resource_id": "v9o5z4",
            "rest_api_id": "o8c14cig05",
            "timeout_milliseconds": 29000,
            "tls_config": [],
            "type": "HTTP_PROXY",
            "uri": "http://service-bot-production-alb-34661825.eu-west-1.elb.amazonaws.com/api/appointments/parse-datetime"
          },
          "sensitive_attributes": [],
          "private": "bnVsbA==",
          "dependencies": [
            "aws_lb.service_bot",
            "aws_security_group.service_bot",
            "data.aws_subnets.default",
            "data.aws_vpc.default",
            "module.api_gateway.aws_api_gateway_method.appointments_parse_datetime_post",
            "module.api_gateway.aws_api_gateway_resource.api",
            "module.api_gateway.aws_api_gateway_resource.appointments",
            "module.api_gateway.aws_api_gateway_resource.appointments_parse_datetime",
            "module.api_gateway.aws_api_gateway_rest_api.service_bot"
          ],
          "create_before_destroy": true
        }
      ]
    },
    {
      "module": "module.api_gateway",
      "mode": "managed",
      "type": "aws_api_gateway_integration",
      "name": "appointments_send_email_integration",
      "provider": "provider[\"registry.terraform.io/hashicorp/aws\"]",
      "instances": [
        {
          "schema_version": 0,
          "attributes": {
            "cache_key_parameters": [],
            "cache_namespace": "cib5uv",
            "connection_id": "",
            "connection_type": "INTERNET",
            "content_handling": "",
            "credentials": "",
            "http_method": "POST",
            "id": "agi-o8c14cig05-cib5uv-POST",
            "integration_http_method": "POST",
            "passthrough_behavior": "WHEN_NO_MATCH",
            "request_parameters": {},
            "request_templates": {},
            "resource_id": "cib5uv",
            "rest_api_id": "o8c14cig05",
            "timeout_milliseconds": 29000,
            "tls_config": [],
            "type": "HTTP_PROXY",
            "uri": "http://service-bot-production-alb-34661825.eu-west-1.elb.amazonaws.com/api/appointments/send-email"
          },
          "sensitive_attributes": [],
          "private": "bnVsbA==",
          "dependencies": [
            "aws_lb.service_bot",
            "aws_security_group.service_bot",
            "data.aws_subnets.default",
            "data.aws_vpc.default",
            "module.api_gateway.aws_api_gateway_method.appointments_send_email_post",
            "module.api_gateway.aws_api_gateway_resource.api",
            "module.api_gateway.aws_api_gateway_resource.appointments",
            "module.api_gateway.aws_api_gateway_resource.appointments_send_email",
            "module.api_gateway.aws_api_gateway_rest_api.service_bot"
          ],
          "create_before_destroy": true
        }
      ]
    },
    {
      "module": "module.api_gateway",
      "mode": "managed",
      "type": "aws_api_gateway_integration",
      "name": "elevenlabs_health_integration",
      "provider": "provider[\"registry.terraform.io/hashicorp/aws\"]",
      "instances": [
        {
          "schema_version": 0,
          "attributes": {
            "cache_key_parameters": [],
            "cache_namespace": "xsvcwc",
            "connection_id": "",
            "connection_type": "INTERNET",
            "content_handling": "",
            "credentials": "",
            "http_method": "GET",
            "id": "agi-o8c14cig05-xsvcwc-GET",
            "integration_http_method": "GET",
            "passthrough_behavior": "WHEN_NO_MATCH",
            "request_parameters": {},
            "request_templates": {},
            "resource_id": "xsvcwc",
            "rest_api_id": "o8c14cig05",
            "timeout_milliseconds": 29000,
            "tls_config": [],
            "type": "HTTP_PROXY",
            "uri": "http://service-bot-production-alb-34661825.eu-west-1.elb.amazonaws.com/api/elevenlabs/health"
          },
          "sensitive_attributes": [],
          "private": "bnVsbA==",
          "dependencies": [
            "aws_lb.service_bot",
            "aws_security_group.service_bot",
            "data.aws_subnets.default",
            "data.aws_vpc.default",
            "module.api_gateway.aws_api_gateway_method.elevenlabs_health_get",
            "module.api_gateway.aws_api_gateway_resource.api",
            "module.api_gateway.aws_api_gateway_resource.elevenlabs",
            "module.api_gateway.aws_api_gateway_resource.elevenlabs_health",
            "module.api_gateway.aws_api_gateway_rest_api.service_bot"
          ],
          "create_before_destroy": true
        }
      ]
    },
    {
      "module": "module.api_gateway",
      "mode": "managed",
      "type": "aws_api_gateway_integration",
      "name": "general_about_integration",
      "provider": "provider[\"registry.terraform.io/hashicorp/aws\"]",
      "instances": [
        {
          "schema_version": 0,
          "attributes": {
            "cache_key_parameters": [],
            "cache_namespace": "68xgod",
            "connection_id": "",
            "connection_type": "INTERNET",
            "content_handling": "",
            "credentials": "",
            "http_method": "GET",
            "id": "agi-o8c14cig05-68xgod-GET",
            "integration_http_method": "GET",
            "passthrough_behavior": "WHEN_NO_MATCH",
            "request_parameters": {},
            "request_templates": {},
            "resource_id": "68xgod",
            "rest_api_id": "o8c14cig05",
            "timeout_milliseconds": 29000,
            "tls_config": [],
            "type": "HTTP_PROXY",
            "uri": "http://service-bot-production-alb-34661825.eu-west-1.elb.amazonaws.com/api/general/about"
          },
          "sensitive_attributes": [],
          "private": "bnVsbA==",
          "dependencies": [
            "aws_lb.service_bot",
            "aws_security_group.service_bot",
            "data.aws_subnets.default",
            "data.aws_vpc.default",
            "module.api_gateway.aws_api_gateway_method.general_about_get",
            "module.api_gateway.aws_api_gateway_resource.api",
            "module.api_gateway.aws_api_gateway_resource.general",
            "module.api_gateway.aws_api_gateway_resource.general_about",
            "module.api_gateway.aws_api_gateway_rest_api.service_bot"
          ],
          "create_before_destroy": true
        }
      ]
    },
    {
      "module": "module.api_gateway",
      "mode": "managed",
      "type": "aws_api_gateway_integration",
      "name": "general_contact_integration",
      "provider": "provider[\"registry.terraform.io/hashicorp/aws\"]",
      "instances": [
        {
          "schema_version": 0,
          "attributes": {
            "cache_key_parameters": [],
            "cache_namespace": "xdk53r",
            "connection_id": "",
            "connection_type": "INTERNET",
            "content_handling": "",
            "credentials": "",
            "http_method": "GET",
            "id": "agi-o8c14cig05-xdk53r-GET",
            "integration_http_method": "GET",
            "passthrough_behavior": "WHEN_NO_MATCH",
            "request_parameters": {},
            "request_templates": {},
            "resource_id": "xdk53r",
            "rest_api_id": "o8c14cig05",
            "timeout_milliseconds": 29000,
            "tls_config": [],
            "type": "HTTP_PROXY",
            "uri": "http://service-bot-production-alb-34661825.eu-west-1.elb.amazonaws.com/api/general/contact"
          },
          "sensitive_attributes": [],
          "private": "bnVsbA==",
          "dependencies": [
            "aws_lb.service_bot",
            "aws_security_group.service_bot",
            "data.aws_subnets.default",
            "data.aws_vpc.default",
            "module.api_gateway.aws_api_gateway_method.general_contact_get",
            "module.api_gateway.aws_api_gateway_resource.api",
            "module.api_gateway.aws_api_gateway_resource.general",
            "module.api_gateway.aws_api_gateway_resource.general_contact",
            "module.api_gateway.aws_api_gateway_rest_api.service_bot"
          ],
          "create_before_destroy": true
        }
      ]
    },
    {
      "module": "module.api_gateway",
      "mode": "managed",
      "type": "aws_api_gateway_integration",
      "name": "general_services_overview_integration",
      "provider": "provider[\"registry.terraform.io/hashicorp/aws\"]",
      "instances": [
        {
          "schema_version": 0,
          "attributes": {
            "cache_key_parameters": [],
            "cache_namespace": "17c86q",
            "connection_id": "",
            "connection_type": "INTERNET",
            "content_handling": "",
            "credentials": "",
            "http_method": "GET",
            "id": "agi-o8c14cig05-17c86q-GET",
            "integration_http_method": "GET",
            "passthrough_behavior": "WHEN_NO_MATCH",
            "request_parameters": {},
            "request_templates": {},
            "resource_id": "17c86q",
            "rest_api_id": "o8c14cig05",
            "timeout_milliseconds": 29000,
            "tls_config": [],
            "type": "HTTP_PROXY",
            "uri": "http://service-bot-production-alb-34661825.eu-west-1.elb.amazonaws.com/api/general/services-overview"
          },
          "sensitive_attributes": [],
          "private": "bnVsbA==",
          "dependencies": [
            "aws_lb.service_bot",
            "aws_security_group.service_bot",
            "data.aws_subnets.default",
            "data.aws_vpc.default",
            "module.api_gateway.aws_api_gateway_method.general_services_overview_get",
            "module.api_gateway.aws_api_gateway_resource.api",
            "module.api_gateway.aws_api_gateway_resource.general",
            "module.api_gateway.aws_api_gateway_resource.general_services_overview",
            "module.api_gateway.aws_api_gateway_rest_api.service_bot"
          ],
          "create_before_destroy": true
        }
      ]
    },
    {
      "module": "module.api_gateway",
      "mode": "managed",
      "type": "aws_api_gateway_integration",
      "name": "general_status_integration",
      "provider": "provider[\"registry.terraform.io/hashicorp/aws\"]",
      "instances": [
        {
          "schema_version": 0,
          "attributes": {
            "cache_key_parameters": [],
            "cache_namespace": "vozlev",
            "connection_id": "",
            "connection_type": "INTERNET",
            "content_handling": "",
            "credentials": "",
            "http_method": "GET",
            "id": "agi-o8c14cig05-vozlev-GET",
            "integration_http_method": "GET",
            "passthrough_behavior": "WHEN_NO_MATCH",
            "request_parameters": {},
            "request_templates": {},
            "resource_id": "vozlev",
            "rest_api_id": "o8c14cig05",
            "timeout_milliseconds": 29000,
            "tls_config": [],
            "type": "HTTP_PROXY",
            "uri": "http://service-bot-production-alb-34661825.eu-west-1.elb.amazonaws.com/api/general/status"
          },
          "sensitive_attributes": [],
          "private": "bnVsbA==",
          "dependencies": [
            "aws_lb.service_bot",
            "aws_security_group.service_bot",
            "data.aws_subnets.default",
            "data.aws_vpc.default",
            "module.api_gateway.aws_api_gateway_method.general_status_get",
            "module.api_gateway.aws_api_gateway_resource.api",
            "module.api_gateway.aws_api_gateway_resource.general",
            "module.api_gateway.aws_api_gateway_resource.general_status",
            "module.api_gateway.aws_api_gateway_rest_api.service_bot"
          ],
          "create_before_destroy": true
        }
      ]
    },
    {
      "module": "module.api_gateway",
      "mode": "managed",
      "type": "aws_api_gateway_integration",
      "name": "general_welcome_integration",
      "provider": "provider[\"registry.terraform.io/hashicorp/aws\"]",
      "instances": [
        {
          "schema_version": 0,
          "attributes": {
            "cache_key_parameters": [],
            "cache_namespace": "7fr6s1",
            "connection_id": "",
            "connection_type": "INTERNET",
            "content_handling": "",
            "credentials": "",
            "http_method": "GET",
            "id": "agi-o8c14cig05-7fr6s1-GET",
            "integration_http_method": "GET",
            "passthrough_behavior": "WHEN_NO_MATCH",
            "request_parameters": {},
            "request_templates": {},
            "resource_id": "7fr6s1",
            "rest_api_id": "o8c14cig05",
            "timeout_milliseconds": 29000,
            "tls_config": [],
            "type": "HTTP_PROXY",
            "uri": "http://service-bot-production-alb-34661825.eu-west-1.elb.amazonaws.com/api/general/welcome"
          },
          "sensitive_attributes": [],
          "private": "bnVsbA==",
          "dependencies": [
            "aws_lb.service_bot",
            "aws_security_group.service_bot",
            "data.aws_subnets.default",
            "data.aws_vpc.default",
            "module.api_gateway.aws_api_gateway_method.general_welcome_get",
            "module.api_gateway.aws_api_gateway_resource.api",
            "module.api_gateway.aws_api_gateway_resource.general",
            "module.api_gateway.aws_api_gateway_resource.general_welcome",
            "module.api_gateway.aws_api_gateway_rest_api.service_bot"
          ],
          "create_before_destroy": true
        }
      ]
    },
    {
      "module": "module.api_gateway",
      "mode": "managed",
      "type": "aws_api_gateway_integration",
      "name": "health_integration",
      "provider": "provider[\"registry.terraform.io/hashicorp/aws\"]",
      "instances": [
        {
          "schema_version": 0,
          "attributes": {
            "cache_key_parameters": [],
            "cache_namespace": "pf5eax",
            "connection_id": "",
            "connection_type": "INTERNET",
            "content_handling": "",
            "credentials": "",
            "http_method": "GET",
            "id": "agi-o8c14cig05-pf5eax-GET",
            "integration_http_method": "GET",
            "passthrough_behavior": "WHEN_NO_MATCH",
            "request_parameters": {},
            "request_templates": {},
            "resource_id": "pf5eax",
            "rest_api_id": "o8c14cig05",
            "timeout_milliseconds": 29000,
            "tls_config": [],
            "type": "HTTP_PROXY",
            "uri": "http://service-bot-production-alb-34661825.eu-west-1.elb.amazonaws.com/health"
          },
          "sensitive_attributes": [],
          "private": "bnVsbA==",
          "dependencies": [
            "aws_lb.service_bot",
            "aws_security_group.service_bot",
            "data.aws_subnets.default",
            "data.aws_vpc.default",
            "module.api_gateway.aws_api_gateway_method.health_get",
            "module.api_gateway.aws_api_gateway_resource.root",
            "module.api_gateway.aws_api_gateway_rest_api.service_bot"
          ],
          "create_before_destroy": true
        }
      ]
    },
    {
      "module": "module.api_gateway",
      "mode": "managed",
      "type": "aws_api_gateway_integration",
      "name": "hours_integration",
      "provider": "provider[\"registry.terraform.io/hashicorp/aws\"]",
      "instances": [
        {
          "schema_version": 0,
          "attributes": {
            "cache_key_parameters": [],
            "cache_namespace": "z8bepk",
            "connection_id": "",
            "connection_type": "INTERNET",
            "content_handling": "",
            "credentials": "",
            "http_method": "GET",
            "id": "agi-o8c14cig05-z8bepk-GET",
            "integration_http_method": "GET",
            "passthrough_behavior": "WHEN_NO_MATCH",
            "request_parameters": {},
            "request_templates": {},
            "resource_id": "z8bepk",
            "rest_api_id": "o8c14cig05",
            "timeout_milliseconds": 29000,
            "tls_config": [],
            "type": "HTTP_PROXY",
            "uri": "http://service-bot-production-alb-34661825.eu-west-1.elb.amazonaws.com/api/hours"
          },
          "sensitive_attributes": [],
          "private": "bnVsbA==",
          "dependencies": [
            "aws_lb.service_bot",
            "aws_security_group.service_bot",
            "data.aws_subnets.default",
            "data.aws_vpc.default",
            "module.api_gateway.aws_api_gateway_method.hours_get",
            "module.api_gateway.aws_api_gateway_resource.api",
            "module.api_gateway.aws_api_gateway_resource.hours",
            "module.api_gateway.aws_api_gateway_rest_api.service_bot"
          ],
          "create_before_destroy": true
        }
      ]
    },
    {
      "module": "module.api_gateway",
      "mode": "managed",
      "type": "aws_api_gateway_integration",
      "name": "hours_status_integration",
      "provider": "provider[\"registry.terraform.io/hashicorp/aws\"]",
      "instances": [
        {
          "schema_version": 0,
          "attributes": {
            "cache_key_parameters": [],
            "cache_namespace": "zr1rr4",
            "connection_id": "",
            "connection_type": "INTERNET",
            "content_handling": "",
            "credentials": "",
            "http_method": "GET",
            "id": "agi-o8c14cig05-zr1rr4-GET",
            "integration_http_method": "GET",
            "passthrough_behavior": "WHEN_NO_MATCH",
            "request_parameters": {},
            "request_templates": {},
            "resource_id": "zr1rr4",
            "rest_api_id": "o8c14cig05",
            "timeout_milliseconds": 29000,
            "tls_config": [],
            "type": "HTTP_PROXY",
            "uri": "http://service-bot-production-alb-34661825.eu-west-1.elb.amazonaws.com/api/hours/status"
          },
          "sensitive_attributes": [],
          "private": "bnVsbA==",
          "dependencies": [
            "aws_lb.service_bot",
            "aws_security_group.service_bot",
            "data.aws_subnets.default",
            "data.aws_vpc.default",
            "module.api_gateway.aws_api_gateway_method.hours_status_get",
            "module.api_gateway.aws_api_gateway_resource.api",
            "module.api_gateway.aws_api_gateway_resource.hours",
            "module.api_gateway.aws_api_gateway_resource.hours_status",
            "module.api_gateway.aws_api_gateway_rest_api.service_bot"
          ],
          "create_before_destroy": true
        }
      ]
    },
    {
      "module": "module.api_gateway",
      "mode": "managed",
      "type": "aws_api_gateway_integration",
      "name": "hours_today_integration",
      "provider": "provider[\"registry.terraform.io/hashicorp/aws\"]",
      "instances": [
        {
          "schema_version": 0,
          "attributes": {
            "cache_key_parameters": [],
            "cache_namespace": "l31hvn",
            "connection_id": "",
            "connection_type": "INTERNET",
            "content_handling": "",
            "credentials": "",
            "http_method": "GET",
            "id": "agi-o8c14cig05-l31hvn-GET",
            "integration_http_method": "GET",
            "passthrough_behavior": "WHEN_NO_MATCH",
            "request_parameters": {},
            "request_templates": {},
            "resource_id": "l31hvn",
            "rest_api_id": "o8c14cig05",
            "timeout_milliseconds": 29000,
            "tls_config": [],
            "type": "HTTP_PROXY",
            "uri": "http://service-bot-production-alb-34661825.eu-west-1.elb.amazonaws.com/api/hours/today"
          },
          "sensitive_attributes": [],
          "private": "bnVsbA==",
          "dependencies": [
            "aws_lb.service_bot",
            "aws_security_group.service_bot",
            "data.aws_subnets.default",
            "data.aws_vpc.default",
            "module.api_gateway.aws_api_gateway_method.hours_today_get",
            "module.api_gateway.aws_api_gateway_resource.api",
            "module.api_gateway.aws_api_gateway_resource.hours",
            "module.api_gateway.aws_api_gateway_resource.hours_today",
            "module.api_gateway.aws_api_gateway_rest_api.service_bot"
          ],
          "create_before_destroy": true
        }
      ]
    },
    {
      "module": "module.api_gateway",
      "mode": "managed",
      "type": "aws_api_gateway_integration",
      "name": "hours_week_integration",
      "provider": "provider[\"registry.terraform.io/hashicorp/aws\"]",
      "instances": [
        {
          "schema_version": 0,
          "attributes": {
            "cache_key_parameters": [],
            "cache_namespace": "ym4h9s",
            "connection_id": "",
            "connection_type": "INTERNET",
            "content_handling": "",
            "credentials": "",
            "http_method": "GET",
            "id": "agi-o8c14cig05-ym4h9s-GET",
            "integration_http_method": "GET",
            "passthrough_behavior": "WHEN_NO_MATCH",
            "request_parameters": {},
            "request_templates": {},
            "resource_id": "ym4h9s",
            "rest_api_id": "o8c14cig05",
            "timeout_milliseconds": 29000,
            "tls_config": [],
            "type": "HTTP_PROXY",
            "uri": "http://service-bot-production-alb-34661825.eu-west-1.elb.amazonaws.com/api/hours/week"
          },
          "sensitive_attributes": [],
          "private": "bnVsbA==",
          "dependencies": [
            "aws_lb.service_bot",
            "aws_security_group.service_bot",
            "data.aws_subnets.default",
            "data.aws_vpc.default",
            "module.api_gateway.aws_api_gateway_method.hours_week_get",
            "module.api_gateway.aws_api_gateway_resource.api",
            "module.api_gateway.aws_api_gateway_resource.hours",
            "module.api_gateway.aws_api_gateway_resource.hours_week",
            "module.api_gateway.aws_api_gateway_rest_api.service_bot"
          ],
          "create_before_destroy": true
        }
      ]
    },
    {
      "module": "module.api_gateway",
      "mode": "managed",
      "type": "aws_api_gateway_integration",
      "name": "location_address_integration",
      "provider": "provider[\"registry.terraform.io/hashicorp/aws\"]",
      "instances": [
        {
          "schema_version": 0,
          "attributes": {
            "cache_key_parameters": [],
            "cache_namespace": "lx3ms2",
            "connection_id": "",
            "connection_type": "INTERNET",
            "content_handling": "",
            "credentials": "",
            "http_method": "GET",
            "id": "agi-o8c14cig05-lx3ms2-GET",
            "integration_http_method": "GET",
            "passthrough_behavior": "WHEN_NO_MATCH",
            "request_parameters": {},
            "request_templates": {},
            "resource_id": "lx3ms2",
            "rest_api_id": "o8c14cig05",
            "timeout_milliseconds": 29000,
            "tls_config": [],
            "type": "HTTP_PROXY",
            "uri": "http://service-bot-production-alb-34661825.eu-west-1.elb.amazonaws.com/api/location/address"
          },
          "sensitive_attributes": [],
          "private": "bnVsbA==",
          "dependencies": [
            "aws_lb.service_bot",
            "aws_security_group.service_bot",
            "data.aws_subnets.default",
            "data.aws_vpc.default",
            "module.api_gateway.aws_api_gateway_method.location_address_get",
            "module.api_gateway.aws_api_gateway_resource.api",
            "module.api_gateway.aws_api_gateway_resource.location",
            "module.api_gateway.aws_api_gateway_resource.location_address",
            "module.api_gateway.aws_api_gateway_rest_api.service_bot"
          ],
          "create_before_destroy": true
        }
      ]
    },
    {
      "module": "module.api_gateway",
      "mode": "managed",
      "type": "aws_api_gateway_integration",
      "name": "location_directions_integration",
      "provider": "provider[\"registry.terraform.io/hashicorp/aws\"]",
      "instances": [
        {
          "schema_version": 0,
          "attributes": {
            "cache_key_parameters": [],
            "cache_namespace": "mmkypu",
            "connection_id": "",
            "connection_type": "INTERNET",
            "content_handling": "",
            "credentials": "",
            "http_method": "GET",
            "id": "agi-o8c14cig05-mmkypu-GET",
            "integration_http_method": "GET",
            "passthrough_behavior": "WHEN_NO_MATCH",
            "request_parameters": {},
            "request_templates": {},
            "resource_id": "mmkypu",
            "rest_api_id": "o8c14cig05",
            "timeout_milliseconds": 29000,
            "tls_config": [],
            "type": "HTTP_PROXY",
            "uri": "http://service-bot-production-alb-34661825.eu-west-1.elb.amazonaws.com/api/location/directions"
          },
          "sensitive_attributes": [],
          "private": "bnVsbA==",
          "dependencies": [
            "aws_lb.service_bot",
            "aws_security_group.service_bot",
            "data.aws_subnets.default",
            "data.aws_vpc.default",
            "module.api_gateway.aws_api_gateway_method.location_directions_get",
            "module.api_gateway.aws_api_gateway_resource.api",
            "module.api_gateway.aws_api_gateway_resource.location",
            "module.api_gateway.aws_api_gateway_resource.location_directions",
            "module.api_gateway.aws_api_gateway_rest_api.service_bot"
          ],
          "create_before_destroy": true
        }
      ]
    },
    {
      "module": "module.api_gateway",
      "mode": "managed",
      "type": "aws_api_gateway_integration",
      "name": "location_integration",
      "provider": "provider[\"registry.terraform.io/hashicorp/aws\"]",
      "instances": [
        {
          "schema_version": 0,
          "attributes": {
            "cache_key_parameters": [],
            "cache_namespace": "n9cp1g",
            "connection_id": "",
            "connection_type": "INTERNET",
            "content_handling": "",
            "credentials": "",
            "http_method": "GET",
            "id": "agi-o8c14cig05-n9cp1g-GET",
            "integration_http_method": "GET",
            "passthrough_behavior": "WHEN_NO_MATCH",
            "request_parameters": {},
            "request_templates": {},
            "resource_id": "n9cp1g",
            "rest_api_id": "o8c14cig05",
            "timeout_milliseconds": 29000,
            "tls_config": [],
            "type": "HTTP_PROXY",
            "uri": "http://service-bot-production-alb-34661825.eu-west-1.elb.amazonaws.com/api/location"
          },
          "sensitive_attributes": [],
          "private": "bnVsbA==",
          "dependencies": [
            "aws_lb.service_bot",
            "aws_security_group.service_bot",
            "data.aws_subnets.default",
            "data.aws_vpc.default",
            "module.api_gateway.aws_api_gateway_method.location_get",
            "module.api_gateway.aws_api_gateway_resource.api",
            "module.api_gateway.aws_api_gateway_resource.location",
            "module.api_gateway.aws_api_gateway_rest_api.service_bot"
          ],
          "create_before_destroy": true
        }
      ]
    },
    {
      "module": "module.api_gateway",
      "mode": "managed",
      "type": "aws_api_gateway_integration",
      "name": "location_parking_integration",
      "provider": "provider[\"registry.terraform.io/hashicorp/aws\"]",
      "instances": [
        {
          "schema_version": 0,
          "attributes": {
            "cache_key_parameters": [],
            "cache_namespace": "1tpt4v",
            "connection_id": "",
            "connection_type": "INTERNET",
            "content_handling": "",
            "credentials": "",
            "http_method": "GET",
            "id": "agi-o8c14cig05-1tpt4v-GET",
            "integration_http_method": "GET",
            "passthrough_behavior": "WHEN_NO_MATCH",
            "request_parameters": {},
            "request_templates": {},
            "resource_id": "1tpt4v",
            "rest_api_id": "o8c14cig05",
            "timeout_milliseconds": 29000,
            "tls_config": [],
            "type": "HTTP_PROXY",
            "uri": "http://service-bot-production-alb-34661825.eu-west-1.elb.amazonaws.com/api/location/parking"
          },
          "sensitive_attributes": [],
          "private": "bnVsbA==",
          "dependencies": [
            "aws_lb.service_bot",
            "aws_security_group.service_bot",
            "data.aws_subnets.default",
            "data.aws_vpc.default",
            "module.api_gateway.aws_api_gateway_method.location_parking_get",
            "module.api_gateway.aws_api_gateway_resource.api",
            "module.api_gateway.aws_api_gateway_resource.location",
            "module.api_gateway.aws_api_gateway_resource.location_parking",
            "module.api_gateway.aws_api_gateway_rest_api.service_bot"
          ],
          "create_before_destroy": true
        }
      ]
    },
    {
      "module": "module.api_gateway",
      "mode": "managed",
      "type": "aws_api_gateway_integration",
      "name": "location_summary_integration",
      "provider": "provider[\"registry.terraform.io/hashicorp/aws\"]",
      "instances": [
        {
          "schema_version": 0,
          "attributes": {
            "cache_key_parameters": [],
            "cache_namespace": "ndpoex",
            "connection_id": "",
            "connection_type": "INTERNET",
            "content_handling": "",
            "credentials": "",
            "http_method": "GET",
            "id": "agi-o8c14cig05-ndpoex-GET",
            "integration_http_method": "GET",
            "passthrough_behavior": "WHEN_NO_MATCH",
            "request_parameters": {},
            "request_templates": {},
            "resource_id": "ndpoex",
            "rest_api_id": "o8c14cig05",
            "timeout_milliseconds": 29000,
            "tls_config": [],
            "type": "HTTP_PROXY",
            "uri": "http://service-bot-production-alb-34661825.eu-west-1.elb.amazonaws.com/api/location/summary"
          },
          "sensitive_attributes": [],
          "private": "bnVsbA==",
          "dependencies": [
            "aws_lb.service_bot",
            "aws_security_group.service_bot",
            "data.aws_subnets.default",
            "data.aws_vpc.default",
            "module.api_gateway.aws_api_gateway_method.location_summary_get",
            "module.api_gateway.aws_api_gateway_resource.api",
            "module.api_gateway.aws_api_gateway_resource.location",
            "module.api_gateway.aws_api_gateway_resource.location_summary",
            "module.api_gateway.aws_api_gateway_rest_api.service_bot"
          ],
          "create_before_destroy": true
        }
      ]
    },
    {
      "module": "module.api_gateway",
      "mode": "managed",
      "type": "aws_api_gateway_integration",
      "name": "location_transport_integration",
      "provider": "provider[\"registry.terraform.io/hashicorp/aws\"]",
      "instances": [
        {
          "schema_version": 0,
          "attributes": {
            "cache_key_parameters": [],
            "cache_namespace": "h8ujfl",
            "connection_id": "",
            "connection_type": "INTERNET",
            "content_handling": "",
            "credentials": "",
            "http_method": "GET",
            "id": "agi-o8c14cig05-h8ujfl-GET",
            "integration_http_method": "GET",
            "passthrough_behavior": "WHEN_NO_MATCH",
            "request_parameters": {},
            "request_templates": {},
            "resource_id": "h8ujfl",
            "rest_api_id": "o8c14cig05",
            "timeout_milliseconds": 29000,
            "tls_config": [],
            "type": "HTTP_PROXY",
            "uri": "http://service-bot-production-alb-34661825.eu-west-1.elb.amazonaws.com/api/location/transport"
          },
          "sensitive_attributes": [],
          "private": "bnVsbA==",
          "dependencies": [
            "aws_lb.service_bot",
            "aws_security_group.service_bot",
            "data.aws_subnets.default",
            "data.aws_vpc.default",
            "module.api_gateway.aws_api_gateway_method.location_transport_get",
            "module.api_gateway.aws_api_gateway_resource.api",
            "module.api_gateway.aws_api_gateway_resource.location",
            "module.api_gateway.aws_api_gateway_resource.location_transport",
            "module.api_gateway.aws_api_gateway_rest_api.service_bot"
          ],
          "create_before_destroy": true
        }
      ]
    },
    {
      "module": "module.api_gateway",
      "mode": "managed",
      "type": "aws_api_gateway_integration",
      "name": "options",
      "provider": "provider[\"registry.terraform.io/hashicorp/aws\"]",
      "instances": [
        {
          "schema_version": 0,
          "attributes": {
            "cache_key_parameters": [],
            "cache_namespace": "syruf86s21",
            "connection_id": "",
            "connection_type": "INTERNET",
            "content_handling": "",
            "credentials": "",
            "http_method": "OPTIONS",
            "id": "agi-o8c14cig05-syruf86s21-OPTIONS",
            "integration_http_method": "",
            "passthrough_behavior": "WHEN_NO_MATCH",
            "request_parameters": {},
            "request_templates": {
              "application/json": "{\"statusCode\": 200}"
            },
            "resource_id": "syruf86s21",
            "rest_api_id": "o8c14cig05",
            "timeout_milliseconds": 29000,
            "tls_config": [],
            "type": "MOCK",
            "uri": ""
          },
          "sensitive_attributes": [],
          "private": "bnVsbA==",
          "dependencies": [
            "module.api_gateway.aws_api_gateway_method.options",
            "module.api_gateway.aws_api_gateway_rest_api.service_bot"
          ]
        }
      ]
    },
    {
      "module": "module.api_gateway",
      "mode": "managed",
      "type": "aws_api_gateway_integration",
      "name": "root_integration",
      "provider": "provider[\"registry.terraform.io/hashicorp/aws\"]",
      "instances": [
        {
          "schema_version": 0,
          "attributes": {
            "cache_key_parameters": [],
            "cache_namespace": "syruf86s21",
            "connection_id": "",
            "connection_type": "INTERNET",
            "content_handling": "",
            "credentials": "",
            "http_method": "GET",
            "id": "agi-o8c14cig05-syruf86s21-GET",
            "integration_http_method": "GET",
            "passthrough_behavior": "WHEN_NO_MATCH",
            "request_parameters": {},
            "request_templates": {},
            "resource_id": "syruf86s21",
            "rest_api_id": "o8c14cig05",
            "timeout_milliseconds": 29000,
            "tls_config": [],
            "type": "HTTP_PROXY",
            "uri": "http://service-bot-production-alb-34661825.eu-west-1.elb.amazonaws.com/"
          },
          "sensitive_attributes": [],
          "private": "bnVsbA==",
          "dependencies": [
            "aws_lb.service_bot",
            "aws_security_group.service_bot",
            "data.aws_subnets.default",
            "data.aws_vpc.default",
            "module.api_gateway.aws_api_gateway_method.root_get",
            "module.api_gateway.aws_api_gateway_rest_api.service_bot"
          ],
          "create_before_destroy": true
        }
      ]
    },
    {
      "module": "module.api_gateway",
      "mode": "managed",
      "type": "aws_api_gateway_integration",
      "name": "services_category_dynamic_integration",
      "provider": "provider[\"registry.terraform.io/hashicorp/aws\"]",
      "instances": [
        {
          "schema_version": 0,
          "attributes": {
            "cache_key_parameters": [],
            "cache_namespace": "km9uun",
            "connection_id": "",
            "connection_type": "INTERNET",
            "content_handling": "",
            "credentials": "",
            "http_method": "GET",
            "id": "agi-o8c14cig05-km9uun-GET",
            "integration_http_method": "GET",
            "passthrough_behavior": "WHEN_NO_MATCH",
            "request_parameters": {},
            "request_templates": {},
            "resource_id": "km9uun",
            "rest_api_id": "o8c14cig05",
            "timeout_milliseconds": 29000,
            "tls_config": [],
            "type": "HTTP_PROXY",
            "uri": "http://service-bot-production-alb-34661825.eu-west-1.elb.amazonaws.com/api/services/{category}"
          },
          "sensitive_attributes": [],
          "private": "bnVsbA==",
          "dependencies": [
            "aws_lb.service_bot",
            "aws_security_group.service_bot",
            "data.aws_subnets.default",
            "data.aws_vpc.default",
            "module.api_gateway.aws_api_gateway_method.services_category_dynamic_get",
            "module.api_gateway.aws_api_gateway_resource.api",
            "module.api_gateway.aws_api_gateway_resource.services",
            "module.api_gateway.aws_api_gateway_resource.services_category_dynamic",
            "module.api_gateway.aws_api_gateway_rest_api.service_bot"
          ],
          "create_before_destroy": true
        }
      ]
    },
    {
      "module": "module.api_gateway",
      "mode": "managed",
      "type": "aws_api_gateway_integration",
      "name": "services_category_integration",
      "provider": "provider[\"registry.terraform.io/hashicorp/aws\"]",
      "instances": [
        {
          "schema_version": 0,
          "attributes": {
            "cache_key_parameters": [],
            "cache_namespace": "uijh6g",
            "connection_id": "",
            "connection_type": "INTERNET",
            "content_handling": "",
            "credentials": "",
            "http_method": "GET",
            "id": "agi-o8c14cig05-uijh6g-GET",
            "integration_http_method": "GET",
            "passthrough_behavior": "WHEN_NO_MATCH",
            "request_parameters": {},
            "request_templates": {},
            "resource_id": "uijh6g",
            "rest_api_id": "o8c14cig05",
            "timeout_milliseconds": 29000,
            "tls_config": [],
            "type": "HTTP_PROXY",
            "uri": "http://service-bot-production-alb-34661825.eu-west-1.elb.amazonaws.com/api/services/category"
          },
          "sensitive_attributes": [],
          "private": "bnVsbA==",
          "dependencies": [
            "aws_lb.service_bot",
            "aws_security_group.service_bot",
            "data.aws_subnets.default",
            "data.aws_vpc.default",
            "module.api_gateway.aws_api_gateway_method.services_category_get",
            "module.api_gateway.aws_api_gateway_resource.api",
            "module.api_gateway.aws_api_gateway_resource.services",
            "module.api_gateway.aws_api_gateway_resource.services_category",
            "module.api_gateway.aws_api_gateway_rest_api.service_bot"
          ],
          "create_before_destroy": true
        }
      ]
    },
    {
      "module": "module.api_gateway",
      "mode": "managed",
      "type": "aws_api_gateway_integration",
      "name": "services_integration",
      "provider": "provider[\"registry.terraform.io/hashicorp/aws\"]",
      "instances": [
        {
          "schema_version": 0,
          "attributes": {
            "cache_key_parameters": [],
            "cache_namespace": "y21cit",
            "connection_id": "",
            "connection_type": "INTERNET",
            "content_handling": "",
            "credentials": "",
            "http_method": "GET",
            "id": "agi-o8c14cig05-y21cit-GET",
            "integration_http_method": "GET",
            "passthrough_behavior": "WHEN_NO_MATCH",
            "request_parameters": {},
            "request_templates": {},
            "resource_id": "y21cit",
            "rest_api_id": "o8c14cig05",
            "timeout_milliseconds": 29000,
            "tls_config": [],
            "type": "HTTP_PROXY",
            "uri": "http://service-bot-production-alb-34661825.eu-west-1.elb.amazonaws.com/api/services"
          },
          "sensitive_attributes": [],
          "private": "bnVsbA==",
          "dependencies": [
            "aws_lb.service_bot",
            "aws_security_group.service_bot",
            "data.aws_subnets.default",
            "data.aws_vpc.default",
            "module.api_gateway.aws_api_gateway_method.services_get",
            "module.api_gateway.aws_api_gateway_resource.api",
            "module.api_gateway.aws_api_gateway_resource.services",
            "module.api_gateway.aws_api_gateway_rest_api.service_bot"
          ],
          "create_before_destroy": true
        }
      ]
    },
    {
      "module": "module.api_gateway",
      "mode": "managed",
      "type": "aws_api_gateway_integration",
      "name": "services_popular_integration",
      "provider": "provider[\"registry.terraform.io/hashicorp/aws\"]",
      "instances": [
        {
          "schema_version": 0,
          "attributes": {
            "cache_key_parameters": [],
            "cache_namespace": "wm7ns3",
            "connection_id": "",
            "connection_type": "INTERNET",
            "content_handling": "",
            "credentials": "",
            "http_method": "GET",
            "id": "agi-o8c14cig05-wm7ns3-GET",
            "integration_http_method": "GET",
            "passthrough_behavior": "WHEN_NO_MATCH",
            "request_parameters": {},
            "request_templates": {},
            "resource_id": "wm7ns3",
            "rest_api_id": "o8c14cig05",
            "timeout_milliseconds": 29000,
            "tls_config": [],
            "type": "HTTP_PROXY",
            "uri": "http://service-bot-production-alb-34661825.eu-west-1.elb.amazonaws.com/api/services/popular"
          },
          "sensitive_attributes": [],
          "private": "bnVsbA==",
          "dependencies": [
            "aws_lb.service_bot",
            "aws_security_group.service_bot",
            "data.aws_subnets.default",
            "data.aws_vpc.default",
            "module.api_gateway.aws_api_gateway_method.services_popular_get",
            "module.api_gateway.aws_api_gateway_resource.api",
            "module.api_gateway.aws_api_gateway_resource.services",
            "module.api_gateway.aws_api_gateway_resource.services_popular",
            "module.api_gateway.aws_api_gateway_rest_api.service_bot"
          ],
          "create_before_destroy": true
        }
      ]
    },
    {
      "module": "module.api_gateway",
      "mode": "managed",
      "type": "aws_api_gateway_integration",
      "name": "services_price_range_integration",
      "provider": "provider[\"registry.terraform.io/hashicorp/aws\"]",
      "instances": [
        {
          "schema_version": 0,
          "attributes": {
            "cache_key_parameters": [],
            "cache_namespace": "k2mzg9",
            "connection_id": "",
            "connection_type": "INTERNET",
            "content_handling": "",
            "credentials": "",
            "http_method": "GET",
            "id": "agi-o8c14cig05-k2mzg9-GET",
            "integration_http_method": "GET",
            "passthrough_behavior": "WHEN_NO_MATCH",
            "request_parameters": {},
            "request_templates": {},
            "resource_id": "k2mzg9",
            "rest_api_id": "o8c14cig05",
            "timeout_milliseconds": 29000,
            "tls_config": [],
            "type": "HTTP_PROXY",
            "uri": "http://service-bot-production-alb-34661825.eu-west-1.elb.amazonaws.com/api/services/price-range"
          },
          "sensitive_attributes": [],
          "private": "bnVsbA==",
          "dependencies": [
            "aws_lb.service_bot",
            "aws_security_group.service_bot",
            "data.aws_subnets.default",
            "data.aws_vpc.default",
            "module.api_gateway.aws_api_gateway_method.services_price_range_get",
            "module.api_gateway.aws_api_gateway_resource.api",
            "module.api_gateway.aws_api_gateway_resource.services",
            "module.api_gateway.aws_api_gateway_resource.services_price_range",
            "module.api_gateway.aws_api_gateway_rest_api.service_bot"
          ],
          "create_before_destroy": true
        }
      ]
    },
    {
      "module": "module.api_gateway",
      "mode": "managed",
      "type": "aws_api_gateway_integration",
      "name": "services_price_range_min_integration",
      "provider": "provider[\"registry.terraform.io/hashicorp/aws\"]",
      "instances": [
        {
          "schema_version": 0,
          "attributes": {
            "cache_key_parameters": [],
            "cache_namespace": "mxufsi",
            "connection_id": "",
            "connection_type": "INTERNET",
            "content_handling": "",
            "credentials": "",
            "http_method": "GET",
            "id": "agi-o8c14cig05-mxufsi-GET",
            "integration_http_method": "GET",
            "passthrough_behavior": "WHEN_NO_MATCH",
            "request_parameters": {},
            "request_templates": {},
            "resource_id": "mxufsi",
            "rest_api_id": "o8c14cig05",
            "timeout_milliseconds": 29000,
            "tls_config": [],
            "type": "HTTP_PROXY",
            "uri": "http://service-bot-production-alb-34661825.eu-west-1.elb.amazonaws.com/api/services/price-range/{min}"
          },
          "sensitive_attributes": [],
          "private": "bnVsbA==",
          "dependencies": [
            "aws_lb.service_bot",
            "aws_security_group.service_bot",
            "data.aws_subnets.default",
            "data.aws_vpc.default",
            "module.api_gateway.aws_api_gateway_method.services_price_range_min_get",
            "module.api_gateway.aws_api_gateway_resource.api",
            "module.api_gateway.aws_api_gateway_resource.services",
            "module.api_gateway.aws_api_gateway_resource.services_price_range",
            "module.api_gateway.aws_api_gateway_resource.services_price_range_min",
            "module.api_gateway.aws_api_gateway_rest_api.service_bot"
          ],
          "create_before_destroy": true
        }
      ]
    },
    {
      "module": "module.api_gateway",
      "mode": "managed",
      "type": "aws_api_gateway_integration",
      "name": "services_price_range_min_max_integration",
      "provider": "provider[\"registry.terraform.io/hashicorp/aws\"]",
      "instances": [
        {
          "schema_version": 0,
          "attributes": {
            "cache_key_parameters": [],
            "cache_namespace": "b7n06z",
            "connection_id": "",
            "connection_type": "INTERNET",
            "content_handling": "",
            "credentials": "",
            "http_method": "GET",
            "id": "agi-o8c14cig05-b7n06z-GET",
            "integration_http_method": "GET",
            "passthrough_behavior": "WHEN_NO_MATCH",
            "request_parameters": {},
            "request_templates": {},
            "resource_id": "b7n06z",
            "rest_api_id": "o8c14cig05",
            "timeout_milliseconds": 29000,
            "tls_config": [],
            "type": "HTTP_PROXY",
            "uri": "http://service-bot-production-alb-34661825.eu-west-1.elb.amazonaws.com/api/services/price-range/{min}/{max}"
          },
          "sensitive_attributes": [],
          "private": "bnVsbA==",
          "dependencies": [
            "aws_lb.service_bot",
            "aws_security_group.service_bot",
            "data.aws_subnets.default",
            "data.aws_vpc.default",
            "module.api_gateway.aws_api_gateway_method.services_price_range_min_max_get",
            "module.api_gateway.aws_api_gateway_resource.api",
            "module.api_gateway.aws_api_gateway_resource.services",
            "module.api_gateway.aws_api_gateway_resource.services_price_range",
            "module.api_gateway.aws_api_gateway_resource.services_price_range_min",
            "module.api_gateway.aws_api_gateway_resource.services_price_range_min_max",
            "module.api_gateway.aws_api_gateway_rest_api.service_bot"
          ],
          "create_before_destroy": true
        }
      ]
    },
    {
      "module": "module.api_gateway",
      "mode": "managed",
      "type": "aws_api_gateway_integration",
      "name": "services_search_integration",
      "provider": "provider[\"registry.terraform.io/hashicorp/aws\"]",
      "instances": [
        {
          "schema_version": 0,
          "attributes": {
            "cache_key_parameters": [],
            "cache_namespace": "1pqx5t",
            "connection_id": "",
            "connection_type": "INTERNET",
            "content_handling": "",
            "credentials": "",
            "http_method": "GET",
            "id": "agi-o8c14cig05-1pqx5t-GET",
            "integration_http_method": "GET",
            "passthrough_behavior": "WHEN_NO_MATCH",
            "request_parameters": {},
            "request_templates": {},
            "resource_id": "1pqx5t",
            "rest_api_id": "o8c14cig05",
            "timeout_milliseconds": 29000,
            "tls_config": [],
            "type": "HTTP_PROXY",
            "uri": "http://service-bot-production-alb-34661825.eu-west-1.elb.amazonaws.com/api/services/search"
          },
          "sensitive_attributes": [],
          "private": "bnVsbA==",
          "dependencies": [
            "aws_lb.service_bot",
            "aws_security_group.service_bot",
            "data.aws_subnets.default",
            "data.aws_vpc.default",
            "module.api_gateway.aws_api_gateway_method.services_search_get",
            "module.api_gateway.aws_api_gateway_resource.api",
            "module.api_gateway.aws_api_gateway_resource.services",
            "module.api_gateway.aws_api_gateway_resource.services_search",
            "module.api_gateway.aws_api_gateway_rest_api.service_bot"
          ],
          "create_before_destroy": true
        }
      ]
    },
    {
      "module": "module.api_gateway",
      "mode": "managed",
      "type": "aws_api_gateway_integration",
      "name": "services_test_search_integration",
      "provider": "provider[\"registry.terraform.io/hashicorp/aws\"]",
      "instances": [
        {
          "schema_version": 0,
          "attributes": {
            "cache_key_parameters": [],
            "cache_namespace": "s6s7o1",
            "connection_id": "",
            "connection_type": "INTERNET",
            "content_handling": "",
            "credentials": "",
            "http_method": "GET",
            "id": "agi-o8c14cig05-s6s7o1-GET",
            "integration_http_method": "GET",
            "passthrough_behavior": "WHEN_NO_MATCH",
            "request_parameters": {},
            "request_templates": {},
            "resource_id": "s6s7o1",
            "rest_api_id": "o8c14cig05",
            "timeout_milliseconds": 29000,
            "tls_config": [],
            "type": "HTTP_PROXY",
            "uri": "http://service-bot-production-alb-34661825.eu-west-1.elb.amazonaws.com/api/services/test-search"
          },
          "sensitive_attributes": [],
          "private": "bnVsbA==",
          "dependencies": [
            "aws_lb.service_bot",
            "aws_security_group.service_bot",
            "data.aws_subnets.default",
            "data.aws_vpc.default",
            "module.api_gateway.aws_api_gateway_method.services_test_search_get",
            "module.api_gateway.aws_api_gateway_resource.api",
            "module.api_gateway.aws_api_gateway_resource.services",
            "module.api_gateway.aws_api_gateway_resource.services_test_search",
            "module.api_gateway.aws_api_gateway_rest_api.service_bot"
          ],
          "create_before_destroy": true
        }
      ]
    },
    {
      "module": "module.api_gateway",
      "mode": "managed",
      "type": "aws_api_gateway_integration",
      "name": "services_test_search_term_integration",
      "provider": "provider[\"registry.terraform.io/hashicorp/aws\"]",
      "instances": [
        {
          "schema_version": 0,
          "attributes": {
            "cache_key_parameters": [],
            "cache_namespace": "os9jdq",
            "connection_id": "",
            "connection_type": "INTERNET",
            "content_handling": "",
            "credentials": "",
            "http_method": "GET",
            "id": "agi-o8c14cig05-os9jdq-GET",
            "integration_http_method": "GET",
            "passthrough_behavior": "WHEN_NO_MATCH",
            "request_parameters": {},
            "request_templates": {},
            "resource_id": "os9jdq",
            "rest_api_id": "o8c14cig05",
            "timeout_milliseconds": 29000,
            "tls_config": [],
            "type": "HTTP_PROXY",
            "uri": "http://service-bot-production-alb-34661825.eu-west-1.elb.amazonaws.com/api/services/test-search/{term}"
          },
          "sensitive_attributes": [],
          "private": "bnVsbA==",
          "dependencies": [
            "aws_lb.service_bot",
            "aws_security_group.service_bot",
            "data.aws_subnets.default",
            "data.aws_vpc.default",
            "module.api_gateway.aws_api_gateway_method.services_test_search_term_get",
            "module.api_gateway.aws_api_gateway_resource.api",
            "module.api_gateway.aws_api_gateway_resource.services",
            "module.api_gateway.aws_api_gateway_resource.services_test_search",
            "module.api_gateway.aws_api_gateway_resource.services_test_search_term",
            "module.api_gateway.aws_api_gateway_rest_api.service_bot"
          ],
          "create_before_destroy": true
        }
      ]
    },
    {
      "module": "module.api_gateway",
      "mode": "managed",
      "type": "aws_api_gateway_integration",
      "name": "webhook_integration",
      "provider": "provider[\"registry.terraform.io/hashicorp/aws\"]",
      "instances": [
        {
          "schema_version": 0,
          "attributes": {
            "cache_key_parameters": [],
            "cache_namespace": "hm0y6z",
            "connection_id": "",
            "connection_type": "INTERNET",
            "content_handling": "",
            "credentials": "",
            "http_method": "POST",
            "id": "agi-o8c14cig05-hm0y6z-POST",
            "integration_http_method": "POST",
            "passthrough_behavior": "WHEN_NO_MATCH",
            "request_parameters": {},
            "request_templates": {},
            "resource_id": "hm0y6z",
            "rest_api_id": "o8c14cig05",
            "timeout_milliseconds": 29000,
            "tls_config": [],
            "type": "HTTP_PROXY",
            "uri": "http://service-bot-production-alb-34661825.eu-west-1.elb.amazonaws.com/api/elevenlabs/webhook"
          },
          "sensitive_attributes": [],
          "private": "bnVsbA==",
          "dependencies": [
            "aws_lb.service_bot",
            "aws_security_group.service_bot",
            "data.aws_subnets.default",
            "data.aws_vpc.default",
            "module.api_gateway.aws_api_gateway_method.webhook_post",
            "module.api_gateway.aws_api_gateway_resource.api",
            "module.api_gateway.aws_api_gateway_resource.elevenlabs",
            "module.api_gateway.aws_api_gateway_resource.webhook",
            "module.api_gateway.aws_api_gateway_rest_api.service_bot"
          ],
          "create_before_destroy": true
        }
      ]
    },
    {
      "module": "module.api_gateway",
      "mode": "managed",
      "type": "aws_api_gateway_integration_response",
      "name": "options",
      "provider": "provider[\"registry.terraform.io/hashicorp/aws\"]",
      "instances": [
        {
          "schema_version": 0,
          "attributes": {
            "content_handling": "",
            "http_method": "OPTIONS",
            "id": "agir-o8c14cig05-syruf86s21-OPTIONS-200",
            "resource_id": "syruf86s21",
            "response_parameters": {
              "method.response.header.Access-Control-Allow-Headers": "'Content-Type,X-Amz-Date,Authorization,X-Api-Key,X-Amz-Security-Token'",
              "method.response.header.Access-Control-Allow-Methods": "'GET,POST,OPTIONS'",
              "method.response.header.Access-Control-Allow-Origin": "'*'"
            },
            "response_templates": {},
            "rest_api_id": "o8c14cig05",
            "selection_pattern": "",
            "status_code": "200"
          },
          "sensitive_attributes": [],
          "private": "bnVsbA==",
          "dependencies": [
            "module.api_gateway.aws_api_gateway_method.options",
            "module.api_gateway.aws_api_gateway_method_response.options",
            "module.api_gateway.aws_api_gateway_rest_api.service_bot"
          ]
        }
      ]
    },
    {
      "module": "module.api_gateway",
      "mode": "managed",
      "type": "aws_api_gateway_method",
      "name": "appointments_available_times_date_get",
      "provider": "provider[\"registry.terraform.io/hashicorp/aws\"]",
      "instances": [
        {
          "schema_version": 0,
          "attributes": {
            "api_key_required": false,
            "authorization": "NONE",
            "authorization_scopes": [],
            "authorizer_id": "",
            "http_method": "GET",
            "id": "agm-o8c14cig05-bcctiy-GET",
            "operation_name": "",
            "request_models": {},
            "request_parameters": {},
            "request_validator_id": "",
            "resource_id": "bcctiy",
            "rest_api_id": "o8c14cig05"
          },
          "sensitive_attributes": [],
          "private": "bnVsbA==",
          "dependencies": [
            "module.api_gateway.aws_api_gateway_resource.api",
            "module.api_gateway.aws_api_gateway_resource.appointments",
            "module.api_gateway.aws_api_gateway_resource.appointments_available_times",
            "module.api_gateway.aws_api_gateway_resource.appointments_available_times_date",
            "module.api_gateway.aws_api_gateway_rest_api.service_bot"
          ],
          "create_before_destroy": true
        }
      ]
    },
    {
      "module": "module.api_gateway",
      "mode": "managed",
      "type": "aws_api_gateway_method",
      "name": "appointments_available_times_get",
      "provider": "provider[\"registry.terraform.io/hashicorp/aws\"]",
      "instances": [
        {
          "schema_version": 0,
          "attributes": {
            "api_key_required": false,
            "authorization": "NONE",
            "authorization_scopes": [],
            "authorizer_id": "",
            "http_method": "GET",
            "id": "agm-o8c14cig05-fx6ziv-GET",
            "operation_name": "",
            "request_models": {},
            "request_parameters": {},
            "request_validator_id": "",
            "resource_id": "fx6ziv",
            "rest_api_id": "o8c14cig05"
          },
          "sensitive_attributes": [],
          "private": "bnVsbA==",
          "dependencies": [
            "module.api_gateway.aws_api_gateway_resource.api",
            "module.api_gateway.aws_api_gateway_resource.appointments",
            "module.api_gateway.aws_api_gateway_resource.appointments_available_times",
            "module.api_gateway.aws_api_gateway_rest_api.service_bot"
          ],
          "create_before_destroy": true
        }
      ]
    },
    {
      "module": "module.api_gateway",
      "mode": "managed",
      "type": "aws_api_gateway_method",
      "name": "appointments_book_post",
      "provider": "provider[\"registry.terraform.io/hashicorp/aws\"]",
      "instances": [
        {
          "schema_version": 0,
          "attributes": {
            "api_key_required": false,
            "authorization": "NONE",
            "authorization_scopes": [],
            "authorizer_id": "",
            "http_method": "POST",
            "id": "agm-o8c14cig05-6oq4zf-POST",
            "operation_name": "",
            "request_models": {},
            "request_parameters": {},
            "request_validator_id": "",
            "resource_id": "6oq4zf",
            "rest_api_id": "o8c14cig05"
          },
          "sensitive_attributes": [],
          "private": "bnVsbA==",
          "dependencies": [
            "module.api_gateway.aws_api_gateway_resource.api",
            "module.api_gateway.aws_api_gateway_resource.appointments",
            "module.api_gateway.aws_api_gateway_resource.appointments_book",
            "module.api_gateway.aws_api_gateway_rest_api.service_bot"
          ],
          "create_before_destroy": true
        }
      ]
    },
    {
      "module": "module.api_gateway",
      "mode": "managed",
      "type": "aws_api_gateway_method",
      "name": "appointments_parse_datetime_post",
      "provider": "provider[\"registry.terraform.io/hashicorp/aws\"]",
      "instances": [
        {
          "schema_version": 0,
          "attributes": {
            "api_key_required": false,
            "authorization": "NONE",
            "authorization_scopes": [],
            "authorizer_id": "",
            "http_method": "POST",
            "id": "agm-o8c14cig05-v9o5z4-POST",
            "operation_name": "",
            "request_models": {},
            "request_parameters": {},
            "request_validator_id": "",
            "resource_id": "v9o5z4",
            "rest_api_id": "o8c14cig05"
          },
          "sensitive_attributes": [],
          "private": "bnVsbA==",
          "dependencies": [
            "module.api_gateway.aws_api_gateway_resource.api",
            "module.api_gateway.aws_api_gateway_resource.appointments",
            "module.api_gateway.aws_api_gateway_resource.appointments_parse_datetime",
            "module.api_gateway.aws_api_gateway_rest_api.service_bot"
          ],
          "create_before_destroy": true
        }
      ]
    },
    {
      "module": "module.api_gateway",
      "mode": "managed",
      "type": "aws_api_gateway_method",
      "name": "appointments_send_email_post",
      "provider": "provider[\"registry.terraform.io/hashicorp/aws\"]",
      "instances": [
        {
          "schema_version": 0,
          "attributes": {
            "api_key_required": false,
            "authorization": "NONE",
            "authorization_scopes": [],
            "authorizer_id": "",
            "http_method": "POST",
            "id": "agm-o8c14cig05-cib5uv-POST",
            "operation_name": "",
            "request_models": {},
            "request_parameters": {},
            "request_validator_id": "",
            "resource_id": "cib5uv",
            "rest_api_id": "o8c14cig05"
          },
          "sensitive_attributes": [],
          "private": "bnVsbA==",
          "dependencies": [
            "module.api_gateway.aws_api_gateway_resource.api",
            "module.api_gateway.aws_api_gateway_resource.appointments",
            "module.api_gateway.aws_api_gateway_resource.appointments_send_email",
            "module.api_gateway.aws_api_gateway_rest_api.service_bot"
          ],
          "create_before_destroy": true
        }
      ]
    },
    {
      "module": "module.api_gateway",
      "mode": "managed",
      "type": "aws_api_gateway_method",
      "name": "elevenlabs_health_get",
      "provider": "provider[\"registry.terraform.io/hashicorp/aws\"]",
      "instances": [
        {
          "schema_version": 0,
          "attributes": {
            "api_key_required": false,
            "authorization": "NONE",
            "authorization_scopes": [],
            "authorizer_id": "",
            "http_method": "GET",
            "id": "agm-o8c14cig05-xsvcwc-GET",
            "operation_name": "",
            "request_models": {},
            "request_parameters": {},
            "request_validator_id": "",
            "resource_id": "xsvcwc",
            "rest_api_id": "o8c14cig05"
          },
          "sensitive_attributes": [],
          "private": "bnVsbA==",
          "dependencies": [
            "module.api_gateway.aws_api_gateway_resource.api",
            "module.api_gateway.aws_api_gateway_resource.elevenlabs",
            "module.api_gateway.aws_api_gateway_resource.elevenlabs_health",
            "module.api_gateway.aws_api_gateway_rest_api.service_bot"
          ],
          "create_before_destroy": true
        }
      ]
    },
    {
      "module": "module.api_gateway",
      "mode": "managed",
      "type": "aws_api_gateway_method",
      "name": "general_about_get",
      "provider": "provider[\"registry.terraform.io/hashicorp/aws\"]",
      "instances": [
        {
          "schema_version": 0,
          "attributes": {
            "api_key_required": false,
            "authorization": "NONE",
            "authorization_scopes": [],
            "authorizer_id": "",
            "http_method": "GET",
            "id": "agm-o8c14cig05-68xgod-GET",
            "operation_name": "",
            "request_models": {},
            "request_parameters": {},
            "request_validator_id": "",
            "resource_id": "68xgod",
            "rest_api_id": "o8c14cig05"
          },
          "sensitive_attributes": [],
          "private": "bnVsbA==",
          "dependencies": [
            "module.api_gateway.aws_api_gateway_resource.api",
            "module.api_gateway.aws_api_gateway_resource.general",
            "module.api_gateway.aws_api_gateway_resource.general_about",
            "module.api_gateway.aws_api_gateway_rest_api.service_bot"
          ],
          "create_before_destroy": true
        }
      ]
    },
    {
      "module": "module.api_gateway",
      "mode": "managed",
      "type": "aws_api_gateway_method",
      "name": "general_contact_get",
      "provider": "provider[\"registry.terraform.io/hashicorp/aws\"]",
      "instances": [
        {
          "schema_version": 0,
          "attributes": {
            "api_key_required": false,
            "authorization": "NONE",
            "authorization_scopes": [],
            "authorizer_id": "",
            "http_method": "GET",
            "id": "agm-o8c14cig05-xdk53r-GET",
            "operation_name": "",
            "request_models": {},
            "request_parameters": {},
            "request_validator_id": "",
            "resource_id": "xdk53r",
            "rest_api_id": "o8c14cig05"
          },
          "sensitive_attributes": [],
          "private": "bnVsbA==",
          "dependencies": [
            "module.api_gateway.aws_api_gateway_resource.api",
            "module.api_gateway.aws_api_gateway_resource.general",
            "module.api_gateway.aws_api_gateway_resource.general_contact",
            "module.api_gateway.aws_api_gateway_rest_api.service_bot"
          ],
          "create_before_destroy": true
        }
      ]
    },
    {
      "module": "module.api_gateway",
      "mode": "managed",
      "type": "aws_api_gateway_method",
      "name": "general_services_overview_get",
      "provider": "provider[\"registry.terraform.io/hashicorp/aws\"]",
      "instances": [
        {
          "schema_version": 0,
          "attributes": {
            "api_key_required": false,
            "authorization": "NONE",
            "authorization_scopes": [],
            "authorizer_id": "",
            "http_method": "GET",
            "id": "agm-o8c14cig05-17c86q-GET",
            "operation_name": "",
            "request_models": {},
            "request_parameters": {},
            "request_validator_id": "",
            "resource_id": "17c86q",
            "rest_api_id": "o8c14cig05"
          },
          "sensitive_attributes": [],
          "private": "bnVsbA==",
          "dependencies": [
            "module.api_gateway.aws_api_gateway_resource.api",
            "module.api_gateway.aws_api_gateway_resource.general",
            "module.api_gateway.aws_api_gateway_resource.general_services_overview",
            "module.api_gateway.aws_api_gateway_rest_api.service_bot"
          ],
          "create_before_destroy": true
        }
      ]
    },
    {
      "module": "module.api_gateway",
      "mode": "managed",
      "type": "aws_api_gateway_method",
      "name": "general_status_get",
      "provider": "provider[\"registry.terraform.io/hashicorp/aws\"]",
      "instances": [
        {
          "schema_version": 0,
          "attributes": {
            "api_key_required": false,
            "authorization": "NONE",
            "authorization_scopes": [],
            "authorizer_id": "",
            "http_method": "GET",
            "id": "agm-o8c14cig05-vozlev-GET",
            "operation_name": "",
            "request_models": {},
            "request_parameters": {},
            "request_validator_id": "",
            "resource_id": "vozlev",
            "rest_api_id": "o8c14cig05"
          },
          "sensitive_attributes": [],
          "private": "bnVsbA==",
          "dependencies": [
            "module.api_gateway.aws_api_gateway_resource.api",
            "module.api_gateway.aws_api_gateway_resource.general",
            "module.api_gateway.aws_api_gateway_resource.general_status",
            "module.api_gateway.aws_api_gateway_rest_api.service_bot"
          ],
          "create_before_destroy": true
        }
      ]
    },
    {
      "module": "module.api_gateway",
      "mode": "managed",
      "type": "aws_api_gateway_method",
      "name": "general_welcome_get",
      "provider": "provider[\"registry.terraform.io/hashicorp/aws\"]",
      "instances": [
        {
          "schema_version": 0,
          "attributes": {
            "api_key_required": false,
            "authorization": "NONE",
            "authorization_scopes": [],
            "authorizer_id": "",
            "http_method": "GET",
            "id": "agm-o8c14cig05-7fr6s1-GET",
            "operation_name": "",
            "request_models": {},
            "request_parameters": {},
            "request_validator_id": "",
            "resource_id": "7fr6s1",
            "rest_api_id": "o8c14cig05"
          },
          "sensitive_attributes": [],
          "private": "bnVsbA==",
          "dependencies": [
            "module.api_gateway.aws_api_gateway_resource.api",
            "module.api_gateway.aws_api_gateway_resource.general",
            "module.api_gateway.aws_api_gateway_resource.general_welcome",
            "module.api_gateway.aws_api_gateway_rest_api.service_bot"
          ],
          "create_before_destroy": true
        }
      ]
    },
    {
      "module": "module.api_gateway",
      "mode": "managed",
      "type": "aws_api_gateway_method",
      "name": "health_get",
      "provider": "provider[\"registry.terraform.io/hashicorp/aws\"]",
      "instances": [
        {
          "schema_version": 0,
          "attributes": {
            "api_key_required": false,
            "authorization": "NONE",
            "authorization_scopes": [],
            "authorizer_id": "",
            "http_method": "GET",
            "id": "agm-o8c14cig05-pf5eax-GET",
            "operation_name": "",
            "request_models": {},
            "request_parameters": {},
            "request_validator_id": "",
            "resource_id": "pf5eax",
            "rest_api_id": "o8c14cig05"
          },
          "sensitive_attributes": [],
          "private": "bnVsbA==",
          "dependencies": [
            "module.api_gateway.aws_api_gateway_resource.root",
            "module.api_gateway.aws_api_gateway_rest_api.service_bot"
          ],
          "create_before_destroy": true
        }
      ]
    },
    {
      "module": "module.api_gateway",
      "mode": "managed",
      "type": "aws_api_gateway_method",
      "name": "hours_get",
      "provider": "provider[\"registry.terraform.io/hashicorp/aws\"]",
      "instances": [
        {
          "schema_version": 0,
          "attributes": {
            "api_key_required": false,
            "authorization": "NONE",
            "authorization_scopes": [],
            "authorizer_id": "",
            "http_method": "GET",
            "id": "agm-o8c14cig05-z8bepk-GET",
            "operation_name": "",
            "request_models": {},
            "request_parameters": {},
            "request_validator_id": "",
            "resource_id": "z8bepk",
            "rest_api_id": "o8c14cig05"
          },
          "sensitive_attributes": [],
          "private": "bnVsbA==",
          "dependencies": [
            "module.api_gateway.aws_api_gateway_resource.api",
            "module.api_gateway.aws_api_gateway_resource.hours",
            "module.api_gateway.aws_api_gateway_rest_api.service_bot"
          ],
          "create_before_destroy": true
        }
      ]
    },
    {
      "module": "module.api_gateway",
      "mode": "managed",
      "type": "aws_api_gateway_method",
      "name": "hours_status_get",
      "provider": "provider[\"registry.terraform.io/hashicorp/aws\"]",
      "instances": [
        {
          "schema_version": 0,
          "attributes": {
            "api_key_required": false,
            "authorization": "NONE",
            "authorization_scopes": [],
            "authorizer_id": "",
            "http_method": "GET",
            "id": "agm-o8c14cig05-zr1rr4-GET",
            "operation_name": "",
            "request_models": {},
            "request_parameters": {},
            "request_validator_id": "",
            "resource_id": "zr1rr4",
            "rest_api_id": "o8c14cig05"
          },
          "sensitive_attributes": [],
          "private": "bnVsbA==",
          "dependencies": [
            "module.api_gateway.aws_api_gateway_resource.api",
            "module.api_gateway.aws_api_gateway_resource.hours",
            "module.api_gateway.aws_api_gateway_resource.hours_status",
            "module.api_gateway.aws_api_gateway_rest_api.service_bot"
          ],
          "create_before_destroy": true
        }
      ]
    },
    {
      "module": "module.api_gateway",
      "mode": "managed",
      "type": "aws_api_gateway_method",
      "name": "hours_today_get",
      "provider": "provider[\"registry.terraform.io/hashicorp/aws\"]",
      "instances": [
        {
          "schema_version": 0,
          "attributes": {
            "api_key_required": false,
            "authorization": "NONE",
            "authorization_scopes": [],
            "authorizer_id": "",
            "http_method": "GET",
            "id": "agm-o8c14cig05-l31hvn-GET",
            "operation_name": "",
            "request_models": {},
            "request_parameters": {},
            "request_validator_id": "",
            "resource_id": "l31hvn",
            "rest_api_id": "o8c14cig05"
          },
          "sensitive_attributes": [],
          "private": "bnVsbA==",
          "dependencies": [
            "module.api_gateway.aws_api_gateway_resource.api",
            "module.api_gateway.aws_api_gateway_resource.hours",
            "module.api_gateway.aws_api_gateway_resource.hours_today",
            "module.api_gateway.aws_api_gateway_rest_api.service_bot"
          ],
          "create_before_destroy": true
        }
      ]
    },
    {
      "module": "module.api_gateway",
      "mode": "managed",
      "type": "aws_api_gateway_method",
      "name": "hours_week_get",
      "provider": "provider[\"registry.terraform.io/hashicorp/aws\"]",
      "instances": [
        {
          "schema_version": 0,
          "attributes": {
            "api_key_required": false,
            "authorization": "NONE",
            "authorization_scopes": [],
            "authorizer_id": "",
            "http_method": "GET",
            "id": "agm-o8c14cig05-ym4h9s-GET",
            "operation_name": "",
            "request_models": {},
            "request_parameters": {},
            "request_validator_id": "",
            "resource_id": "ym4h9s",
            "rest_api_id": "o8c14cig05"
          },
          "sensitive_attributes": [],
          "private": "bnVsbA==",
          "dependencies": [
            "module.api_gateway.aws_api_gateway_resource.api",
            "module.api_gateway.aws_api_gateway_resource.hours",
            "module.api_gateway.aws_api_gateway_resource.hours_week",
            "module.api_gateway.aws_api_gateway_rest_api.service_bot"
          ],
          "create_before_destroy": true
        }
      ]
    },
    {
      "module": "module.api_gateway",
      "mode": "managed",
      "type": "aws_api_gateway_method",
      "name": "location_address_get",
      "provider": "provider[\"registry.terraform.io/hashicorp/aws\"]",
      "instances": [
        {
          "schema_version": 0,
          "attributes": {
            "api_key_required": false,
            "authorization": "NONE",
            "authorization_scopes": [],
            "authorizer_id": "",
            "http_method": "GET",
            "id": "agm-o8c14cig05-lx3ms2-GET",
            "operation_name": "",
            "request_models": {},
            "request_parameters": {},
            "request_validator_id": "",
            "resource_id": "lx3ms2",
            "rest_api_id": "o8c14cig05"
          },
          "sensitive_attributes": [],
          "private": "bnVsbA==",
          "dependencies": [
            "module.api_gateway.aws_api_gateway_resource.api",
            "module.api_gateway.aws_api_gateway_resource.location",
            "module.api_gateway.aws_api_gateway_resource.location_address",
            "module.api_gateway.aws_api_gateway_rest_api.service_bot"
          ],
          "create_before_destroy": true
        }
      ]
    },
    {
      "module": "module.api_gateway",
      "mode": "managed",
      "type": "aws_api_gateway_method",
      "name": "location_directions_get",
      "provider": "provider[\"registry.terraform.io/hashicorp/aws\"]",
      "instances": [
        {
          "schema_version": 0,
          "attributes": {
            "api_key_required": false,
            "authorization": "NONE",
            "authorization_scopes": [],
            "authorizer_id": "",
            "http_method": "GET",
            "id": "agm-o8c14cig05-mmkypu-GET",
            "operation_name": "",
            "request_models": {},
            "request_parameters": {},
            "request_validator_id": "",
            "resource_id": "mmkypu",
            "rest_api_id": "o8c14cig05"
          },
          "sensitive_attributes": [],
          "private": "bnVsbA==",
          "dependencies": [
            "module.api_gateway.aws_api_gateway_resource.api",
            "module.api_gateway.aws_api_gateway_resource.location",
            "module.api_gateway.aws_api_gateway_resource.location_directions",
            "module.api_gateway.aws_api_gateway_rest_api.service_bot"
          ],
          "create_before_destroy": true
        }
      ]
    },
    {
      "module": "module.api_gateway",
      "mode": "managed",
      "type": "aws_api_gateway_method",
      "name": "location_get",
      "provider": "provider[\"registry.terraform.io/hashicorp/aws\"]",
      "instances": [
        {
          "schema_version": 0,
          "attributes": {
            "api_key_required": false,
            "authorization": "NONE",
            "authorization_scopes": [],
            "authorizer_id": "",
            "http_method": "GET",
            "id": "agm-o8c14cig05-n9cp1g-GET",
            "operation_name": "",
            "request_models": {},
            "request_parameters": {},
            "request_validator_id": "",
            "resource_id": "n9cp1g",
            "rest_api_id": "o8c14cig05"
          },
          "sensitive_attributes": [],
          "private": "bnVsbA==",
          "dependencies": [
            "module.api_gateway.aws_api_gateway_resource.api",
            "module.api_gateway.aws_api_gateway_resource.location",
            "module.api_gateway.aws_api_gateway_rest_api.service_bot"
          ],
          "create_before_destroy": true
        }
      ]
    },
    {
      "module": "module.api_gateway",
      "mode": "managed",
      "type": "aws_api_gateway_method",
      "name": "location_parking_get",
      "provider": "provider[\"registry.terraform.io/hashicorp/aws\"]",
      "instances": [
        {
          "schema_version": 0,
          "attributes": {
            "api_key_required": false,
            "authorization": "NONE",
            "authorization_scopes": [],
            "authorizer_id": "",
            "http_method": "GET",
            "id": "agm-o8c14cig05-1tpt4v-GET",
            "operation_name": "",
            "request_models": {},
            "request_parameters": {},
            "request_validator_id": "",
            "resource_id": "1tpt4v",
            "rest_api_id": "o8c14cig05"
          },
          "sensitive_attributes": [],
          "private": "bnVsbA==",
          "dependencies": [
            "module.api_gateway.aws_api_gateway_resource.api",
            "module.api_gateway.aws_api_gateway_resource.location",
            "module.api_gateway.aws_api_gateway_resource.location_parking",
            "module.api_gateway.aws_api_gateway_rest_api.service_bot"
          ],
          "create_before_destroy": true
        }
      ]
    },
    {
      "module": "module.api_gateway",
      "mode": "managed",
      "type": "aws_api_gateway_method",
      "name": "location_summary_get",
      "provider": "provider[\"registry.terraform.io/hashicorp/aws\"]",
      "instances": [
        {
          "schema_version": 0,
          "attributes": {
            "api_key_required": false,
            "authorization": "NONE",
            "authorization_scopes": [],
            "authorizer_id": "",
            "http_method": "GET",
            "id": "agm-o8c14cig05-ndpoex-GET",
            "operation_name": "",
            "request_models": {},
            "request_parameters": {},
            "request_validator_id": "",
            "resource_id": "ndpoex",
            "rest_api_id": "o8c14cig05"
          },
          "sensitive_attributes": [],
          "private": "bnVsbA==",
          "dependencies": [
            "module.api_gateway.aws_api_gateway_resource.api",
            "module.api_gateway.aws_api_gateway_resource.location",
            "module.api_gateway.aws_api_gateway_resource.location_summary",
            "module.api_gateway.aws_api_gateway_rest_api.service_bot"
          ],
          "create_before_destroy": true
        }
      ]
    },
    {
      "module": "module.api_gateway",
      "mode": "managed",
      "type": "aws_api_gateway_method",
      "name": "location_transport_get",
      "provider": "provider[\"registry.terraform.io/hashicorp/aws\"]",
      "instances": [
        {
          "schema_version": 0,
          "attributes": {
            "api_key_required": false,
            "authorization": "NONE",
            "authorization_scopes": [],
            "authorizer_id": "",
            "http_method": "GET",
            "id": "agm-o8c14cig05-h8ujfl-GET",
            "operation_name": "",
            "request_models": {},
            "request_parameters": {},
            "request_validator_id": "",
            "resource_id": "h8ujfl",
            "rest_api_id": "o8c14cig05"
          },
          "sensitive_attributes": [],
          "private": "bnVsbA==",
          "dependencies": [
            "module.api_gateway.aws_api_gateway_resource.api",
            "module.api_gateway.aws_api_gateway_resource.location",
            "module.api_gateway.aws_api_gateway_resource.location_transport",
            "module.api_gateway.aws_api_gateway_rest_api.service_bot"
          ],
          "create_before_destroy": true
        }
      ]
    },
    {
      "module": "module.api_gateway",
      "mode": "managed",
      "type": "aws_api_gateway_method",
      "name": "options",
      "provider": "provider[\"registry.terraform.io/hashicorp/aws\"]",
      "instances": [
        {
          "schema_version": 0,
          "attributes": {
            "api_key_required": false,
            "authorization": "NONE",
            "authorization_scopes": [],
            "authorizer_id": "",
            "http_method": "OPTIONS",
            "id": "agm-o8c14cig05-syruf86s21-OPTIONS",
            "operation_name": "",
            "request_models": {},
            "request_parameters": {},
            "request_validator_id": "",
            "resource_id": "syruf86s21",
            "rest_api_id": "o8c14cig05"
          },
          "sensitive_attributes": [],
          "private": "bnVsbA==",
          "dependencies": [
            "module.api_gateway.aws_api_gateway_rest_api.service_bot"
          ]
        }
      ]
    },
    {
      "module": "module.api_gateway",
      "mode": "managed",
      "type": "aws_api_gateway_method",
      "name": "root_get",
      "provider": "provider[\"registry.terraform.io/hashicorp/aws\"]",
      "instances": [
        {
          "schema_version": 0,
          "attributes": {
            "api_key_required": false,
            "authorization": "NONE",
            "authorization_scopes": [],
            "authorizer_id": "",
            "http_method": "GET",
            "id": "agm-o8c14cig05-syruf86s21-GET",
            "operation_name": "",
            "request_models": {},
            "request_parameters": {},
            "request_validator_id": "",
            "resource_id": "syruf86s21",
            "rest_api_id": "o8c14cig05"
          },
          "sensitive_attributes": [],
          "private": "bnVsbA==",
          "dependencies": [
            "module.api_gateway.aws_api_gateway_rest_api.service_bot"
          ],
          "create_before_destroy": true
        }
      ]
    },
    {
      "module": "module.api_gateway",
      "mode": "managed",
      "type": "aws_api_gateway_method",
      "name": "services_category_dynamic_get",
      "provider": "provider[\"registry.terraform.io/hashicorp/aws\"]",
      "instances": [
        {
          "schema_version": 0,
          "attributes": {
            "api_key_required": false,
            "authorization": "NONE",
            "authorization_scopes": [],
            "authorizer_id": "",
            "http_method": "GET",
            "id": "agm-o8c14cig05-km9uun-GET",
            "operation_name": "",
            "request_models": {},
            "request_parameters": {},
            "request_validator_id": "",
            "resource_id": "km9uun",
            "rest_api_id": "o8c14cig05"
          },
          "sensitive_attributes": [],
          "private": "bnVsbA==",
          "dependencies": [
            "module.api_gateway.aws_api_gateway_resource.api",
            "module.api_gateway.aws_api_gateway_resource.services",
            "module.api_gateway.aws_api_gateway_resource.services_category_dynamic",
            "module.api_gateway.aws_api_gateway_rest_api.service_bot"
          ],
          "create_before_destroy": true
        }
      ]
    },
    {
      "module": "module.api_gateway",
      "mode": "managed",
      "type": "aws_api_gateway_method",
      "name": "services_category_get",
      "provider": "provider[\"registry.terraform.io/hashicorp/aws\"]",
      "instances": [
        {
          "schema_version": 0,
          "attributes": {
            "api_key_required": false,
            "authorization": "NONE",
            "authorization_scopes": [],
            "authorizer_id": "",
            "http_method": "GET",
            "id": "agm-o8c14cig05-uijh6g-GET",
            "operation_name": "",
            "request_models": {},
            "request_parameters": {},
            "request_validator_id": "",
            "resource_id": "uijh6g",
            "rest_api_id": "o8c14cig05"
          },
          "sensitive_attributes": [],
          "private": "bnVsbA==",
          "dependencies": [
            "module.api_gateway.aws_api_gateway_resource.api",
            "module.api_gateway.aws_api_gateway_resource.services",
            "module.api_gateway.aws_api_gateway_resource.services_category",
            "module.api_gateway.aws_api_gateway_rest_api.service_bot"
          ],
          "create_before_destroy": true
        }
      ]
    },
    {
      "module": "module.api_gateway",
      "mode": "managed",
      "type": "aws_api_gateway_method",
      "name": "services_get",
      "provider": "provider[\"registry.terraform.io/hashicorp/aws\"]",
      "instances": [
        {
          "schema_version": 0,
          "attributes": {
            "api_key_required": false,
            "authorization": "NONE",
            "authorization_scopes": [],
            "authorizer_id": "",
            "http_method": "GET",
            "id": "agm-o8c14cig05-y21cit-GET",
            "operation_name": "",
            "request_models": {},
            "request_parameters": {},
            "request_validator_id": "",
            "resource_id": "y21cit",
            "rest_api_id": "o8c14cig05"
          },
          "sensitive_attributes": [],
          "private": "bnVsbA==",
          "dependencies": [
            "module.api_gateway.aws_api_gateway_resource.api",
            "module.api_gateway.aws_api_gateway_resource.services",
            "module.api_gateway.aws_api_gateway_rest_api.service_bot"
          ],
          "create_before_destroy": true
        }
      ]
    },
    {
      "module": "module.api_gateway",
      "mode": "managed",
      "type": "aws_api_gateway_method",
      "name": "services_popular_get",
      "provider": "provider[\"registry.terraform.io/hashicorp/aws\"]",
      "instances": [
        {
          "schema_version": 0,
          "attributes": {
            "api_key_required": false,
            "authorization": "NONE",
            "authorization_scopes": [],
            "authorizer_id": "",
            "http_method": "GET",
            "id": "agm-o8c14cig05-wm7ns3-GET",
            "operation_name": "",
            "request_models": {},
            "request_parameters": {},
            "request_validator_id": "",
            "resource_id": "wm7ns3",
            "rest_api_id": "o8c14cig05"
          },
          "sensitive_attributes": [],
          "private": "bnVsbA==",
          "dependencies": [
            "module.api_gateway.aws_api_gateway_resource.api",
            "module.api_gateway.aws_api_gateway_resource.services",
            "module.api_gateway.aws_api_gateway_resource.services_popular",
            "module.api_gateway.aws_api_gateway_rest_api.service_bot"
          ],
          "create_before_destroy": true
        }
      ]
    },
    {
      "module": "module.api_gateway",
      "mode": "managed",
      "type": "aws_api_gateway_method",
      "name": "services_price_range_get",
      "provider": "provider[\"registry.terraform.io/hashicorp/aws\"]",
      "instances": [
        {
          "schema_version": 0,
          "attributes": {
            "api_key_required": false,
            "authorization": "NONE",
            "authorization_scopes": [],
            "authorizer_id": "",
            "http_method": "GET",
            "id": "agm-o8c14cig05-k2mzg9-GET",
            "operation_name": "",
            "request_models": {},
            "request_parameters": {},
            "request_validator_id": "",
            "resource_id": "k2mzg9",
            "rest_api_id": "o8c14cig05"
          },
          "sensitive_attributes": [],
          "private": "bnVsbA==",
          "dependencies": [
            "module.api_gateway.aws_api_gateway_resource.api",
            "module.api_gateway.aws_api_gateway_resource.services",
            "module.api_gateway.aws_api_gateway_resource.services_price_range",
            "module.api_gateway.aws_api_gateway_rest_api.service_bot"
          ],
          "create_before_destroy": true
        }
      ]
    },
    {
      "module": "module.api_gateway",
      "mode": "managed",
      "type": "aws_api_gateway_method",
      "name": "services_price_range_min_get",
      "provider": "provider[\"registry.terraform.io/hashicorp/aws\"]",
      "instances": [
        {
          "schema_version": 0,
          "attributes": {
            "api_key_required": false,
            "authorization": "NONE",
            "authorization_scopes": [],
            "authorizer_id": "",
            "http_method": "GET",
            "id": "agm-o8c14cig05-mxufsi-GET",
            "operation_name": "",
            "request_models": {},
            "request_parameters": {},
            "request_validator_id": "",
            "resource_id": "mxufsi",
            "rest_api_id": "o8c14cig05"
          },
          "sensitive_attributes": [],
          "private": "bnVsbA==",
          "dependencies": [
            "module.api_gateway.aws_api_gateway_resource.api",
            "module.api_gateway.aws_api_gateway_resource.services",
            "module.api_gateway.aws_api_gateway_resource.services_price_range",
            "module.api_gateway.aws_api_gateway_resource.services_price_range_min",
            "module.api_gateway.aws_api_gateway_rest_api.service_bot"
          ],
          "create_before_destroy": true
        }
      ]
    },
    {
      "module": "module.api_gateway",
      "mode": "managed",
      "type": "aws_api_gateway_method",
      "name": "services_price_range_min_max_get",
      "provider": "provider[\"registry.terraform.io/hashicorp/aws\"]",
      "instances": [
        {
          "schema_version": 0,
          "attributes": {
            "api_key_required": false,
            "authorization": "NONE",
            "authorization_scopes": [],
            "authorizer_id": "",
            "http_method": "GET",
            "id": "agm-o8c14cig05-b7n06z-GET",
            "operation_name": "",
            "request_models": {},
            "request_parameters": {},
            "request_validator_id": "",
            "resource_id": "b7n06z",
            "rest_api_id": "o8c14cig05"
          },
          "sensitive_attributes": [],
          "private": "bnVsbA==",
          "dependencies": [
            "module.api_gateway.aws_api_gateway_resource.api",
            "module.api_gateway.aws_api_gateway_resource.services",
            "module.api_gateway.aws_api_gateway_resource.services_price_range",
            "module.api_gateway.aws_api_gateway_resource.services_price_range_min",
            "module.api_gateway.aws_api_gateway_resource.services_price_range_min_max",
            "module.api_gateway.aws_api_gateway_rest_api.service_bot"
          ],
          "create_before_destroy": true
        }
      ]
    },
    {
      "module": "module.api_gateway",
      "mode": "managed",
      "type": "aws_api_gateway_method",
      "name": "services_search_get",
      "provider": "provider[\"registry.terraform.io/hashicorp/aws\"]",
      "instances": [
        {
          "schema_version": 0,
          "attributes": {
            "api_key_required": false,
            "authorization": "NONE",
            "authorization_scopes": [],
            "authorizer_id": "",
            "http_method": "GET",
            "id": "agm-o8c14cig05-1pqx5t-GET",
            "operation_name": "",
            "request_models": {},
            "request_parameters": {},
            "request_validator_id": "",
            "resource_id": "1pqx5t",
            "rest_api_id": "o8c14cig05"
          },
          "sensitive_attributes": [],
          "private": "bnVsbA==",
          "dependencies": [
            "module.api_gateway.aws_api_gateway_resource.api",
            "module.api_gateway.aws_api_gateway_resource.services",
            "module.api_gateway.aws_api_gateway_resource.services_search",
            "module.api_gateway.aws_api_gateway_rest_api.service_bot"
          ],
          "create_before_destroy": true
        }
      ]
    },
    {
      "module": "module.api_gateway",
      "mode": "managed",
      "type": "aws_api_gateway_method",
      "name": "services_test_search_get",
      "provider": "provider[\"registry.terraform.io/hashicorp/aws\"]",
      "instances": [
        {
          "schema_version": 0,
          "attributes": {
            "api_key_required": false,
            "authorization": "NONE",
            "authorization_scopes": [],
            "authorizer_id": "",
            "http_method": "GET",
            "id": "agm-o8c14cig05-s6s7o1-GET",
            "operation_name": "",
            "request_models": {},
            "request_parameters": {},
            "request_validator_id": "",
            "resource_id": "s6s7o1",
            "rest_api_id": "o8c14cig05"
          },
          "sensitive_attributes": [],
          "private": "bnVsbA==",
          "dependencies": [
            "module.api_gateway.aws_api_gateway_resource.api",
            "module.api_gateway.aws_api_gateway_resource.services",
            "module.api_gateway.aws_api_gateway_resource.services_test_search",
            "module.api_gateway.aws_api_gateway_rest_api.service_bot"
          ],
          "create_before_destroy": true
        }
      ]
    },
    {
      "module": "module.api_gateway",
      "mode": "managed",
      "type": "aws_api_gateway_method",
      "name": "services_test_search_term_get",
      "provider": "provider[\"registry.terraform.io/hashicorp/aws\"]",
      "instances": [
        {
          "schema_version": 0,
          "attributes": {
            "api_key_required": false,
            "authorization": "NONE",
            "authorization_scopes": [],
            "authorizer_id": "",
            "http_method": "GET",
            "id": "agm-o8c14cig05-os9jdq-GET",
            "operation_name": "",
            "request_models": {},
            "request_parameters": {},
            "request_validator_id": "",
            "resource_id": "os9jdq",
            "rest_api_id": "o8c14cig05"
          },
          "sensitive_attributes": [],
          "private": "bnVsbA==",
          "dependencies": [
            "module.api_gateway.aws_api_gateway_resource.api",
            "module.api_gateway.aws_api_gateway_resource.services",
            "module.api_gateway.aws_api_gateway_resource.services_test_search",
            "module.api_gateway.aws_api_gateway_resource.services_test_search_term",
            "module.api_gateway.aws_api_gateway_rest_api.service_bot"
          ],
          "create_before_destroy": true
        }
      ]
    },
    {
      "module": "module.api_gateway",
      "mode": "managed",
      "type": "aws_api_gateway_method",
      "name": "webhook_post",
      "provider": "provider[\"registry.terraform.io/hashicorp/aws\"]",
      "instances": [
        {
          "schema_version": 0,
          "attributes": {
            "api_key_required": false,
            "authorization": "NONE",
            "authorization_scopes": [],
            "authorizer_id": "",
            "http_method": "POST",
            "id": "agm-o8c14cig05-hm0y6z-POST",
            "operation_name": "",
            "request_models": {},
            "request_parameters": {},
            "request_validator_id": "",
            "resource_id": "hm0y6z",
            "rest_api_id": "o8c14cig05"
          },
          "sensitive_attributes": [],
          "private": "bnVsbA==",
          "dependencies": [
            "module.api_gateway.aws_api_gateway_resource.api",
            "module.api_gateway.aws_api_gateway_resource.elevenlabs",
            "module.api_gateway.aws_api_gateway_resource.webhook",
            "module.api_gateway.aws_api_gateway_rest_api.service_bot"
          ],
          "create_before_destroy": true
        }
      ]
    },
    {
      "module": "module.api_gateway",
      "mode": "managed",
      "type": "aws_api_gateway_method_response",
      "name": "options",
      "provider": "provider[\"registry.terraform.io/hashicorp/aws\"]",
      "instances": [
        {
          "schema_version": 0,
          "attributes": {
            "http_method": "OPTIONS",
            "id": "agmr-o8c14cig05-syruf86s21-OPTIONS-200",
            "resource_id": "syruf86s21",
            "response_models": {},
            "response_parameters": {
              "method.response.header.Access-Control-Allow-Headers": true,
              "method.response.header.Access-Control-Allow-Methods": true,
              "method.response.header.Access-Control-Allow-Origin": true
            },
            "rest_api_id": "o8c14cig05",
            "status_code": "200"
          },
          "sensitive_attributes": [],
          "private": "bnVsbA==",
          "dependencies": [
            "module.api_gateway.aws_api_gateway_method.options",
            "module.api_gateway.aws_api_gateway_rest_api.service_bot"
          ]
        }
      ]
    },
    {
      "module": "module.api_gateway",
      "mode": "managed",
      "type": "aws_api_gateway_resource",
      "name": "api",
      "provider": "provider[\"registry.terraform.io/hashicorp/aws\"]",
      "instances": [
        {
          "schema_version": 0,
          "attributes": {
            "id": "hn7e0z",
            "parent_id": "syruf86s21",
            "path": "/api",
            "path_part": "api",
            "rest_api_id": "o8c14cig05"
          },
          "sensitive_attributes": [],
          "private": "bnVsbA==",
          "dependencies": [
            "module.api_gateway.aws_api_gateway_rest_api.service_bot"
          ],
          "create_before_destroy": true
        }
      ]
    },
    {
      "module": "module.api_gateway",
      "mode": "managed",
      "type": "aws_api_gateway_resource",
      "name": "appointments",
      "provider": "provider[\"registry.terraform.io/hashicorp/aws\"]",
      "instances": [
        {
          "schema_version": 0,
          "attributes": {
            "id": "ipul9b",
            "parent_id": "hn7e0z",
            "path": "/api/appointments",
            "path_part": "appointments",
            "rest_api_id": "o8c14cig05"
          },
          "sensitive_attributes": [],
          "private": "bnVsbA==",
          "dependencies": [
            "module.api_gateway.aws_api_gateway_resource.api",
            "module.api_gateway.aws_api_gateway_rest_api.service_bot"
          ],
          "create_before_destroy": true
        }
      ]
    },
    {
      "module": "module.api_gateway",
      "mode": "managed",
      "type": "aws_api_gateway_resource",
      "name": "appointments_available_times",
      "provider": "provider[\"registry.terraform.io/hashicorp/aws\"]",
      "instances": [
        {
          "schema_version": 0,
          "attributes": {
            "id": "fx6ziv",
            "parent_id": "ipul9b",
            "path": "/api/appointments/available-times",
            "path_part": "available-times",
            "rest_api_id": "o8c14cig05"
          },
          "sensitive_attributes": [],
          "private": "bnVsbA==",
          "dependencies": [
            "module.api_gateway.aws_api_gateway_resource.api",
            "module.api_gateway.aws_api_gateway_resource.appointments",
            "module.api_gateway.aws_api_gateway_rest_api.service_bot"
          ],
          "create_before_destroy": true
        }
      ]
    },
    {
      "module": "module.api_gateway",
      "mode": "managed",
      "type": "aws_api_gateway_resource",
      "name": "appointments_available_times_date",
      "provider": "provider[\"registry.terraform.io/hashicorp/aws\"]",
      "instances": [
        {
          "schema_version": 0,
          "attributes": {
            "id": "bcctiy",
            "parent_id": "fx6ziv",
            "path": "/api/appointments/available-times/{date}",
            "path_part": "{date}",
            "rest_api_id": "o8c14cig05"
          },
          "sensitive_attributes": [],
          "private": "bnVsbA==",
          "dependencies": [
            "module.api_gateway.aws_api_gateway_resource.api",
            "module.api_gateway.aws_api_gateway_resource.appointments",
            "module.api_gateway.aws_api_gateway_resource.appointments_available_times",
            "module.api_gateway.aws_api_gateway_rest_api.service_bot"
          ],
          "create_before_destroy": true
        }
      ]
    },
    {
      "module": "module.api_gateway",
      "mode": "managed",
      "type": "aws_api_gateway_resource",
      "name": "appointments_book",
      "provider": "provider[\"registry.terraform.io/hashicorp/aws\"]",
      "instances": [
        {
          "schema_version": 0,
          "attributes": {
            "id": "6oq4zf",
            "parent_id": "ipul9b",
            "path": "/api/appointments/book",
            "path_part": "book",
            "rest_api_id": "o8c14cig05"
          },
          "sensitive_attributes": [],
          "private": "bnVsbA==",
          "dependencies": [
            "module.api_gateway.aws_api_gateway_resource.api",
            "module.api_gateway.aws_api_gateway_resource.appointments",
            "module.api_gateway.aws_api_gateway_rest_api.service_bot"
          ],
          "create_before_destroy": true
        }
      ]
    },
    {
      "module": "module.api_gateway",
      "mode": "managed",
      "type": "aws_api_gateway_resource",
      "name": "appointments_parse_datetime",
      "provider": "provider[\"registry.terraform.io/hashicorp/aws\"]",
      "instances": [
        {
          "schema_version": 0,
          "attributes": {
            "id": "v9o5z4",
            "parent_id": "ipul9b",
            "path": "/api/appointments/parse-datetime",
            "path_part": "parse-datetime",
            "rest_api_id": "o8c14cig05"
          },
          "sensitive_attributes": [],
          "private": "bnVsbA==",
          "dependencies": [
            "module.api_gateway.aws_api_gateway_resource.api",
            "module.api_gateway.aws_api_gateway_resource.appointments",
            "module.api_gateway.aws_api_gateway_rest_api.service_bot"
          ],
          "create_before_destroy": true
        }
      ]
    },
    {
      "module": "module.api_gateway",
      "mode": "managed",
      "type": "aws_api_gateway_resource",
      "name": "appointments_send_email",
      "provider": "provider[\"registry.terraform.io/hashicorp/aws\"]",
      "instances": [
        {
          "schema_version": 0,
          "attributes": {
            "id": "cib5uv",
            "parent_id": "ipul9b",
            "path": "/api/appointments/send-email",
            "path_part": "send-email",
            "rest_api_id": "o8c14cig05"
          },
          "sensitive_attributes": [],
          "private": "bnVsbA==",
          "dependencies": [
            "module.api_gateway.aws_api_gateway_resource.api",
            "module.api_gateway.aws_api_gateway_resource.appointments",
            "module.api_gateway.aws_api_gateway_rest_api.service_bot"
          ],
          "create_before_destroy": true
        }
      ]
    },
    {
      "module": "module.api_gateway",
      "mode": "managed",
      "type": "aws_api_gateway_resource",
      "name": "elevenlabs",
      "provider": "provider[\"registry.terraform.io/hashicorp/aws\"]",
      "instances": [
        {
          "schema_version": 0,
          "attributes": {
            "id": "4fty2n",
            "parent_id": "hn7e0z",
            "path": "/api/elevenlabs",
            "path_part": "elevenlabs",
            "rest_api_id": "o8c14cig05"
          },
          "sensitive_attributes": [],
          "private": "bnVsbA==",
          "dependencies": [
            "module.api_gateway.aws_api_gateway_resource.api",
            "module.api_gateway.aws_api_gateway_rest_api.service_bot"
          ],
          "create_before_destroy": true
        }
      ]
    },
    {
      "module": "module.api_gateway",
      "mode": "managed",
      "type": "aws_api_gateway_resource",
      "name": "elevenlabs_health",
      "provider": "provider[\"registry.terraform.io/hashicorp/aws\"]",
      "instances": [
        {
          "schema_version": 0,
          "attributes": {
            "id": "xsvcwc",
            "parent_id": "4fty2n",
            "path": "/api/elevenlabs/health",
            "path_part": "health",
            "rest_api_id": "o8c14cig05"
          },
          "sensitive_attributes": [],
          "private": "bnVsbA==",
          "dependencies": [
            "module.api_gateway.aws_api_gateway_resource.api",
            "module.api_gateway.aws_api_gateway_resource.elevenlabs",
            "module.api_gateway.aws_api_gateway_rest_api.service_bot"
          ],
          "create_before_destroy": true
        }
      ]
    },
    {
      "module": "module.api_gateway",
      "mode": "managed",
      "type": "aws_api_gateway_resource",
      "name": "general",
      "provider": "provider[\"registry.terraform.io/hashicorp/aws\"]",
      "instances": [
        {
          "schema_version": 0,
          "attributes": {
            "id": "svd3j2",
            "parent_id": "hn7e0z",
            "path": "/api/general",
            "path_part": "general",
            "rest_api_id": "o8c14cig05"
          },
          "sensitive_attributes": [],
          "private": "bnVsbA==",
          "dependencies": [
            "module.api_gateway.aws_api_gateway_resource.api",
            "module.api_gateway.aws_api_gateway_rest_api.service_bot"
          ],
          "create_before_destroy": true
        }
      ]
    },
    {
      "module": "module.api_gateway",
      "mode": "managed",
      "type": "aws_api_gateway_resource",
      "name": "general_about",
      "provider": "provider[\"registry.terraform.io/hashicorp/aws\"]",
      "instances": [
        {
          "schema_version": 0,
          "attributes": {
            "id": "68xgod",
            "parent_id": "svd3j2",
            "path": "/api/general/about",
            "path_part": "about",
            "rest_api_id": "o8c14cig05"
          },
          "sensitive_attributes": [],
          "private": "bnVsbA==",
          "dependencies": [
            "module.api_gateway.aws_api_gateway_resource.api",
            "module.api_gateway.aws_api_gateway_resource.general",
            "module.api_gateway.aws_api_gateway_rest_api.service_bot"
          ],
          "create_before_destroy": true
        }
      ]
    },
    {
      "module": "module.api_gateway",
      "mode": "managed",
      "type": "aws_api_gateway_resource",
      "name": "general_contact",
      "provider": "provider[\"registry.terraform.io/hashicorp/aws\"]",
      "instances": [
        {
          "schema_version": 0,
          "attributes": {
            "id": "xdk53r",
            "parent_id": "svd3j2",
            "path": "/api/general/contact",
            "path_part": "contact",
            "rest_api_id": "o8c14cig05"
          },
          "sensitive_attributes": [],
          "private": "bnVsbA==",
          "dependencies": [
            "module.api_gateway.aws_api_gateway_resource.api",
            "module.api_gateway.aws_api_gateway_resource.general",
            "module.api_gateway.aws_api_gateway_rest_api.service_bot"
          ],
          "create_before_destroy": true
        }
      ]
    },
    {
      "module": "module.api_gateway",
      "mode": "managed",
      "type": "aws_api_gateway_resource",
      "name": "general_services_overview",
      "provider": "provider[\"registry.terraform.io/hashicorp/aws\"]",
      "instances": [
        {
          "schema_version": 0,
          "attributes": {
            "id": "17c86q",
            "parent_id": "svd3j2",
            "path": "/api/general/services-overview",
            "path_part": "services-overview",
            "rest_api_id": "o8c14cig05"
          },
          "sensitive_attributes": [],
          "private": "bnVsbA==",
          "dependencies": [
            "module.api_gateway.aws_api_gateway_resource.api",
            "module.api_gateway.aws_api_gateway_resource.general",
            "module.api_gateway.aws_api_gateway_rest_api.service_bot"
          ],
          "create_before_destroy": true
        }
      ]
    },
    {
      "module": "module.api_gateway",
      "mode": "managed",
      "type": "aws_api_gateway_resource",
      "name": "general_status",
      "provider": "provider[\"registry.terraform.io/hashicorp/aws\"]",
      "instances": [
        {
          "schema_version": 0,
          "attributes": {
            "id": "vozlev",
            "parent_id": "svd3j2",
            "path": "/api/general/status",
            "path_part": "status",
            "rest_api_id": "o8c14cig05"
          },
          "sensitive_attributes": [],
          "private": "bnVsbA==",
          "dependencies": [
            "module.api_gateway.aws_api_gateway_resource.api",
            "module.api_gateway.aws_api_gateway_resource.general",
            "module.api_gateway.aws_api_gateway_rest_api.service_bot"
          ],
          "create_before_destroy": true
        }
      ]
    },
    {
      "module": "module.api_gateway",
      "mode": "managed",
      "type": "aws_api_gateway_resource",
      "name": "general_welcome",
      "provider": "provider[\"registry.terraform.io/hashicorp/aws\"]",
      "instances": [
        {
          "schema_version": 0,
          "attributes": {
            "id": "7fr6s1",
            "parent_id": "svd3j2",
            "path": "/api/general/welcome",
            "path_part": "welcome",
            "rest_api_id": "o8c14cig05"
          },
          "sensitive_attributes": [],
          "private": "bnVsbA==",
          "dependencies": [
            "module.api_gateway.aws_api_gateway_resource.api",
            "module.api_gateway.aws_api_gateway_resource.general",
            "module.api_gateway.aws_api_gateway_rest_api.service_bot"
          ],
          "create_before_destroy": true
        }
      ]
    },
    {
      "module": "module.api_gateway",
      "mode": "managed",
      "type": "aws_api_gateway_resource",
      "name": "hours",
      "provider": "provider[\"registry.terraform.io/hashicorp/aws\"]",
      "instances": [
        {
          "schema_version": 0,
          "attributes": {
            "id": "z8bepk",
            "parent_id": "hn7e0z",
            "path": "/api/hours",
            "path_part": "hours",
            "rest_api_id": "o8c14cig05"
          },
          "sensitive_attributes": [],
          "private": "bnVsbA==",
          "dependencies": [
            "module.api_gateway.aws_api_gateway_resource.api",
            "module.api_gateway.aws_api_gateway_rest_api.service_bot"
          ],
          "create_before_destroy": true
        }
      ]
    },
    {
      "module": "module.api_gateway",
      "mode": "managed",
      "type": "aws_api_gateway_resource",
      "name": "hours_status",
      "provider": "provider[\"registry.terraform.io/hashicorp/aws\"]",
      "instances": [
        {
          "schema_version": 0,
          "attributes": {
            "id": "zr1rr4",
            "parent_id": "z8bepk",
            "path": "/api/hours/status",
            "path_part": "status",
            "rest_api_id": "o8c14cig05"
          },
          "sensitive_attributes": [],
          "private": "bnVsbA==",
          "dependencies": [
            "module.api_gateway.aws_api_gateway_resource.api",
            "module.api_gateway.aws_api_gateway_resource.hours",
            "module.api_gateway.aws_api_gateway_rest_api.service_bot"
          ],
          "create_before_destroy": true
        }
      ]
    },
    {
      "module": "module.api_gateway",
      "mode": "managed",
      "type": "aws_api_gateway_resource",
      "name": "hours_today",
      "provider": "provider[\"registry.terraform.io/hashicorp/aws\"]",
      "instances": [
        {
          "schema_version": 0,
          "attributes": {
            "id": "l31hvn",
            "parent_id": "z8bepk",
            "path": "/api/hours/today",
            "path_part": "today",
            "rest_api_id": "o8c14cig05"
          },
          "sensitive_attributes": [],
          "private": "bnVsbA==",
          "dependencies": [
            "module.api_gateway.aws_api_gateway_resource.api",
            "module.api_gateway.aws_api_gateway_resource.hours",
            "module.api_gateway.aws_api_gateway_rest_api.service_bot"
          ],
          "create_before_destroy": true
        }
      ]
    },
    {
      "module": "module.api_gateway",
      "mode": "managed",
      "type": "aws_api_gateway_resource",
      "name": "hours_week",
      "provider": "provider[\"registry.terraform.io/hashicorp/aws\"]",
      "instances": [
        {
          "schema_version": 0,
          "attributes": {
            "id": "ym4h9s",
            "parent_id": "z8bepk",
            "path": "/api/hours/week",
            "path_part": "week",
            "rest_api_id": "o8c14cig05"
          },
          "sensitive_attributes": [],
          "private": "bnVsbA==",
          "dependencies": [
            "module.api_gateway.aws_api_gateway_resource.api",
            "module.api_gateway.aws_api_gateway_resource.hours",
            "module.api_gateway.aws_api_gateway_rest_api.service_bot"
          ],
          "create_before_destroy": true
        }
      ]
    },
    {
      "module": "module.api_gateway",
      "mode": "managed",
      "type": "aws_api_gateway_resource",
      "name": "location",
      "provider": "provider[\"registry.terraform.io/hashicorp/aws\"]",
      "instances": [
        {
          "schema_version": 0,
          "attributes": {
            "id": "n9cp1g",
            "parent_id": "hn7e0z",
            "path": "/api/location",
            "path_part": "location",
            "rest_api_id": "o8c14cig05"
          },
          "sensitive_attributes": [],
          "private": "bnVsbA==",
          "dependencies": [
            "module.api_gateway.aws_api_gateway_resource.api",
            "module.api_gateway.aws_api_gateway_rest_api.service_bot"
          ],
          "create_before_destroy": true
        }
      ]
    },
    {
      "module": "module.api_gateway",
      "mode": "managed",
      "type": "aws_api_gateway_resource",
      "name": "location_address",
      "provider": "provider[\"registry.terraform.io/hashicorp/aws\"]",
      "instances": [
        {
          "schema_version": 0,
          "attributes": {
            "id": "lx3ms2",
            "parent_id": "n9cp1g",
            "path": "/api/location/address",
            "path_part": "address",
            "rest_api_id": "o8c14cig05"
          },
          "sensitive_attributes": [],
          "private": "bnVsbA==",
          "dependencies": [
            "module.api_gateway.aws_api_gateway_resource.api",
            "module.api_gateway.aws_api_gateway_resource.location",
            "module.api_gateway.aws_api_gateway_rest_api.service_bot"
          ],
          "create_before_destroy": true
        }
      ]
    },
    {
      "module": "module.api_gateway",
      "mode": "managed",
      "type": "aws_api_gateway_resource",
      "name": "location_directions",
      "provider": "provider[\"registry.terraform.io/hashicorp/aws\"]",
      "instances": [
        {
          "schema_version": 0,
          "attributes": {
            "id": "mmkypu",
            "parent_id": "n9cp1g",
            "path": "/api/location/directions",
            "path_part": "directions",
            "rest_api_id": "o8c14cig05"
          },
          "sensitive_attributes": [],
          "private": "bnVsbA==",
          "dependencies": [
            "module.api_gateway.aws_api_gateway_resource.api",
            "module.api_gateway.aws_api_gateway_resource.location",
            "module.api_gateway.aws_api_gateway_rest_api.service_bot"
          ],
          "create_before_destroy": true
        }
      ]
    },
    {
      "module": "module.api_gateway",
      "mode": "managed",
      "type": "aws_api_gateway_resource",
      "name": "location_parking",
      "provider": "provider[\"registry.terraform.io/hashicorp/aws\"]",
      "instances": [
        {
          "schema_version": 0,
          "attributes": {
            "id": "1tpt4v",
            "parent_id": "n9cp1g",
            "path": "/api/location/parking",
            "path_part": "parking",
            "rest_api_id": "o8c14cig05"
          },
          "sensitive_attributes": [],
          "private": "bnVsbA==",
          "dependencies": [
            "module.api_gateway.aws_api_gateway_resource.api",
            "module.api_gateway.aws_api_gateway_resource.location",
            "module.api_gateway.aws_api_gateway_rest_api.service_bot"
          ],
          "create_before_destroy": true
        }
      ]
    },
    {
      "module": "module.api_gateway",
      "mode": "managed",
      "type": "aws_api_gateway_resource",
      "name": "location_summary",
      "provider": "provider[\"registry.terraform.io/hashicorp/aws\"]",
      "instances": [
        {
          "schema_version": 0,
          "attributes": {
            "id": "ndpoex",
            "parent_id": "n9cp1g",
            "path": "/api/location/summary",
            "path_part": "summary",
            "rest_api_id": "o8c14cig05"
          },
          "sensitive_attributes": [],
          "private": "bnVsbA==",
          "dependencies": [
            "module.api_gateway.aws_api_gateway_resource.api",
            "module.api_gateway.aws_api_gateway_resource.location",
            "module.api_gateway.aws_api_gateway_rest_api.service_bot"
          ],
          "create_before_destroy": true
        }
      ]
    },
    {
      "module": "module.api_gateway",
      "mode": "managed",
      "type": "aws_api_gateway_resource",
      "name": "location_transport",
      "provider": "provider[\"registry.terraform.io/hashicorp/aws\"]",
      "instances": [
        {
          "schema_version": 0,
          "attributes": {
            "id": "h8ujfl",
            "parent_id": "n9cp1g",
            "path": "/api/location/transport",
            "path_part": "transport",
            "rest_api_id": "o8c14cig05"
          },
          "sensitive_attributes": [],
          "private": "bnVsbA==",
          "dependencies": [
            "module.api_gateway.aws_api_gateway_resource.api",
            "module.api_gateway.aws_api_gateway_resource.location",
            "module.api_gateway.aws_api_gateway_rest_api.service_bot"
          ],
          "create_before_destroy": true
        }
      ]
    },
    {
      "module": "module.api_gateway",
      "mode": "managed",
      "type": "aws_api_gateway_resource",
      "name": "root",
      "provider": "provider[\"registry.terraform.io/hashicorp/aws\"]",
      "instances": [
        {
          "schema_version": 0,
          "attributes": {
            "id": "pf5eax",
            "parent_id": "syruf86s21",
            "path": "/health",
            "path_part": "health",
            "rest_api_id": "o8c14cig05"
          },
          "sensitive_attributes": [],
          "private": "bnVsbA==",
          "dependencies": [
            "module.api_gateway.aws_api_gateway_rest_api.service_bot"
          ],
          "create_before_destroy": true
        }
      ]
    },
    {
      "module": "module.api_gateway",
      "mode": "managed",
      "type": "aws_api_gateway_resource",
      "name": "services",
      "provider": "provider[\"registry.terraform.io/hashicorp/aws\"]",
      "instances": [
        {
          "schema_version": 0,
          "attributes": {
            "id": "y21cit",
            "parent_id": "hn7e0z",
            "path": "/api/services",
            "path_part": "services",
            "rest_api_id": "o8c14cig05"
          },
          "sensitive_attributes": [],
          "private": "bnVsbA==",
          "dependencies": [
            "module.api_gateway.aws_api_gateway_resource.api",
            "module.api_gateway.aws_api_gateway_rest_api.service_bot"
          ],
          "create_before_destroy": true
        }
      ]
    },
    {
      "module": "module.api_gateway",
      "mode": "managed",
      "type": "aws_api_gateway_resource",
      "name": "services_category",
      "provider": "provider[\"registry.terraform.io/hashicorp/aws\"]",
      "instances": [
        {
          "schema_version": 0,
          "attributes": {
            "id": "uijh6g",
            "parent_id": "y21cit",
            "path": "/api/services/category",
            "path_part": "category",
            "rest_api_id": "o8c14cig05"
          },
          "sensitive_attributes": [],
          "private": "bnVsbA==",
          "dependencies": [
            "module.api_gateway.aws_api_gateway_resource.api",
            "module.api_gateway.aws_api_gateway_resource.services",
            "module.api_gateway.aws_api_gateway_rest_api.service_bot"
          ],
          "create_before_destroy": true
        }
      ]
    },
    {
      "module": "module.api_gateway",
      "mode": "managed",
      "type": "aws_api_gateway_resource",
      "name": "services_category_dynamic",
      "provider": "provider[\"registry.terraform.io/hashicorp/aws\"]",
      "instances": [
        {
          "schema_version": 0,
          "attributes": {
            "id": "km9uun",
            "parent_id": "y21cit",
            "path": "/api/services/{category}",
            "path_part": "{category}",
            "rest_api_id": "o8c14cig05"
          },
          "sensitive_attributes": [],
          "private": "bnVsbA==",
          "dependencies": [
            "module.api_gateway.aws_api_gateway_resource.api",
            "module.api_gateway.aws_api_gateway_resource.services",
            "module.api_gateway.aws_api_gateway_rest_api.service_bot"
          ],
          "create_before_destroy": true
        }
      ]
    },
    {
      "module": "module.api_gateway",
      "mode": "managed",
      "type": "aws_api_gateway_resource",
      "name": "services_popular",
      "provider": "provider[\"registry.terraform.io/hashicorp/aws\"]",
      "instances": [
        {
          "schema_version": 0,
          "attributes": {
            "id": "wm7ns3",
            "parent_id": "y21cit",
            "path": "/api/services/popular",
            "path_part": "popular",
            "rest_api_id": "o8c14cig05"
          },
          "sensitive_attributes": [],
          "private": "bnVsbA==",
          "dependencies": [
            "module.api_gateway.aws_api_gateway_resource.api",
            "module.api_gateway.aws_api_gateway_resource.services",
            "module.api_gateway.aws_api_gateway_rest_api.service_bot"
          ],
          "create_before_destroy": true
        }
      ]
    },
    {
      "module": "module.api_gateway",
      "mode": "managed",
      "type": "aws_api_gateway_resource",
      "name": "services_price_range",
      "provider": "provider[\"registry.terraform.io/hashicorp/aws\"]",
      "instances": [
        {
          "schema_version": 0,
          "attributes": {
            "id": "k2mzg9",
            "parent_id": "y21cit",
            "path": "/api/services/price-range",
            "path_part": "price-range",
            "rest_api_id": "o8c14cig05"
          },
          "sensitive_attributes": [],
          "private": "bnVsbA==",
          "dependencies": [
            "module.api_gateway.aws_api_gateway_resource.api",
            "module.api_gateway.aws_api_gateway_resource.services",
            "module.api_gateway.aws_api_gateway_rest_api.service_bot"
          ],
          "create_before_destroy": true
        }
      ]
    },
    {
      "module": "module.api_gateway",
      "mode": "managed",
      "type": "aws_api_gateway_resource",
      "name": "services_price_range_min",
      "provider": "provider[\"registry.terraform.io/hashicorp/aws\"]",
      "instances": [
        {
          "schema_version": 0,
          "attributes": {
            "id": "mxufsi",
            "parent_id": "k2mzg9",
            "path": "/api/services/price-range/{min}",
            "path_part": "{min}",
            "rest_api_id": "o8c14cig05"
          },
          "sensitive_attributes": [],
          "private": "bnVsbA==",
          "dependencies": [
            "module.api_gateway.aws_api_gateway_resource.api",
            "module.api_gateway.aws_api_gateway_resource.services",
            "module.api_gateway.aws_api_gateway_resource.services_price_range",
            "module.api_gateway.aws_api_gateway_rest_api.service_bot"
          ],
          "create_before_destroy": true
        }
      ]
    },
    {
      "module": "module.api_gateway",
      "mode": "managed",
      "type": "aws_api_gateway_resource",
      "name": "services_price_range_min_max",
      "provider": "provider[\"registry.terraform.io/hashicorp/aws\"]",
      "instances": [
        {
          "schema_version": 0,
          "attributes": {
            "id": "b7n06z",
            "parent_id": "mxufsi",
            "path": "/api/services/price-range/{min}/{max}",
            "path_part": "{max}",
            "rest_api_id": "o8c14cig05"
          },
          "sensitive_attributes": [],
          "private": "bnVsbA==",
          "dependencies": [
            "module.api_gateway.aws_api_gateway_resource.api",
            "module.api_gateway.aws_api_gateway_resource.services",
            "module.api_gateway.aws_api_gateway_resource.services_price_range",
            "module.api_gateway.aws_api_gateway_resource.services_price_range_min",
            "module.api_gateway.aws_api_gateway_rest_api.service_bot"
          ],
          "create_before_destroy": true
        }
      ]
    },
    {
      "module": "module.api_gateway",
      "mode": "managed",
      "type": "aws_api_gateway_resource",
      "name": "services_search",
      "provider": "provider[\"registry.terraform.io/hashicorp/aws\"]",
      "instances": [
        {
          "schema_version": 0,
          "attributes": {
            "id": "1pqx5t",
            "parent_id": "y21cit",
            "path": "/api/services/search",
            "path_part": "search",
            "rest_api_id": "o8c14cig05"
          },
          "sensitive_attributes": [],
          "private": "bnVsbA==",
          "dependencies": [
            "module.api_gateway.aws_api_gateway_resource.api",
            "module.api_gateway.aws_api_gateway_resource.services",
            "module.api_gateway.aws_api_gateway_rest_api.service_bot"
          ],
          "create_before_destroy": true
        }
      ]
    },
    {
      "module": "module.api_gateway",
      "mode": "managed",
      "type": "aws_api_gateway_resource",
      "name": "services_test_search",
      "provider": "provider[\"registry.terraform.io/hashicorp/aws\"]",
      "instances": [
        {
          "schema_version": 0,
          "attributes": {
            "id": "s6s7o1",
            "parent_id": "y21cit",
            "path": "/api/services/test-search",
            "path_part": "test-search",
            "rest_api_id": "o8c14cig05"
          },
          "sensitive_attributes": [],
          "private": "bnVsbA==",
          "dependencies": [
            "module.api_gateway.aws_api_gateway_resource.api",
            "module.api_gateway.aws_api_gateway_resource.services",
            "module.api_gateway.aws_api_gateway_rest_api.service_bot"
          ],
          "create_before_destroy": true
        }
      ]
    },
    {
      "module": "module.api_gateway",
      "mode": "managed",
      "type": "aws_api_gateway_resource",
      "name": "services_test_search_term",
      "provider": "provider[\"registry.terraform.io/hashicorp/aws\"]",
      "instances": [
        {
          "schema_version": 0,
          "attributes": {
            "id": "os9jdq",
            "parent_id": "s6s7o1",
            "path": "/api/services/test-search/{term}",
            "path_part": "{term}",
            "rest_api_id": "o8c14cig05"
          },
          "sensitive_attributes": [],
          "private": "bnVsbA==",
          "dependencies": [
            "module.api_gateway.aws_api_gateway_resource.api",
            "module.api_gateway.aws_api_gateway_resource.services",
            "module.api_gateway.aws_api_gateway_resource.services_test_search",
            "module.api_gateway.aws_api_gateway_rest_api.service_bot"
          ],
          "create_before_destroy": true
        }
      ]
    },
    {
      "module": "module.api_gateway",
      "mode": "managed",
      "type": "aws_api_gateway_resource",
      "name": "webhook",
      "provider": "provider[\"registry.terraform.io/hashicorp/aws\"]",
      "instances": [
        {
          "schema_version": 0,
          "attributes": {
            "id": "hm0y6z",
            "parent_id": "4fty2n",
            "path": "/api/elevenlabs/webhook",
            "path_part": "webhook",
            "rest_api_id": "o8c14cig05"
          },
          "sensitive_attributes": [],
          "private": "bnVsbA==",
          "dependencies": [
            "module.api_gateway.aws_api_gateway_resource.api",
            "module.api_gateway.aws_api_gateway_resource.elevenlabs",
            "module.api_gateway.aws_api_gateway_rest_api.service_bot"
          ],
          "create_before_destroy": true
        }
      ]
    },
    {
      "module": "module.api_gateway",
      "mode": "managed",
      "type": "aws_api_gateway_rest_api",
      "name": "service_bot",
      "provider": "provider[\"registry.terraform.io/hashicorp/aws\"]",
      "instances": [
        {
          "schema_version": 0,
          "attributes": {
            "api_key_source": "HEADER",
            "arn": "arn:aws:apigateway:eu-west-1::/restapis/o8c14cig05",
            "binary_media_types": [],
            "body": null,
            "created_date": "2025-09-01T19:24:39Z",
            "description": "Service Bot API Gateway",
            "disable_execute_api_endpoint": false,
            "endpoint_configuration": [
              {
                "ip_address_type": "ipv4",
                "types": [
                  "REGIONAL"
                ],
                "vpc_endpoint_ids": []
              }
            ],
            "execution_arn": "arn:aws:execute-api:eu-west-1:628403812475:o8c14cig05",
            "fail_on_warnings": null,
            "id": "o8c14cig05",
            "minimum_compression_size": "",
            "name": "service-bot-production-api",
            "parameters": null,
            "policy": "",
            "put_rest_api_mode": null,
            "root_resource_id": "syruf86s21",
            "tags": {
              "Name": "service-bot-production-api"
            },
            "tags_all": {
              "Name": "service-bot-production-api"
            }
          },
          "sensitive_attributes": [],
          "private": "bnVsbA==",
          "create_before_destroy": true
        }
      ]
    },
    {
      "module": "module.api_gateway",
      "mode": "managed",
      "type": "aws_api_gateway_stage",
      "name": "service_bot",
      "provider": "provider[\"registry.terraform.io/hashicorp/aws\"]",
      "instances": [
        {
          "schema_version": 0,
          "attributes": {
            "access_log_settings": [],
            "arn": "arn:aws:apigateway:eu-west-1::/restapis/o8c14cig05/stages/prod",
            "cache_cluster_enabled": false,
            "cache_cluster_size": "",
            "canary_settings": [],
            "client_certificate_id": "",
            "deployment_id": "njo8mh",
            "description": "",
            "documentation_version": "",
            "execution_arn": "arn:aws:execute-api:eu-west-1:628403812475:o8c14cig05/prod",
            "id": "ags-o8c14cig05-prod",
            "invoke_url": "https://o8c14cig05.execute-api.eu-west-1.amazonaws.com/prod",
            "rest_api_id": "o8c14cig05",
            "stage_name": "prod",
            "tags": {
              "Name": "service-bot-production-stage"
            },
            "tags_all": {
              "Name": "service-bot-production-stage"
            },
            "variables": {},
            "web_acl_arn": "",
            "xray_tracing_enabled": false
          },
          "sensitive_attributes": [],
          "private": "bnVsbA==",
          "dependencies": [
            "aws_lb.service_bot",
            "aws_security_group.service_bot",
            "data.aws_subnets.default",
            "data.aws_vpc.default",
            "module.api_gateway.aws_api_gateway_deployment.service_bot",
            "module.api_gateway.aws_api_gateway_integration.appointments_available_times_date_integration",
            "module.api_gateway.aws_api_gateway_integration.appointments_available_times_integration",
            "module.api_gateway.aws_api_gateway_integration.appointments_book_integration",
            "module.api_gateway.aws_api_gateway_integration.appointments_parse_datetime_integration",
            "module.api_gateway.aws_api_gateway_integration.appointments_send_email_integration",
            "module.api_gateway.aws_api_gateway_integration.elevenlabs_health_integration",
            "module.api_gateway.aws_api_gateway_integration.general_about_integration",
            "module.api_gateway.aws_api_gateway_integration.general_contact_integration",
            "module.api_gateway.aws_api_gateway_integration.general_services_overview_integration",
            "module.api_gateway.aws_api_gateway_integration.general_status_integration",
            "module.api_gateway.aws_api_gateway_integration.general_welcome_integration",
            "module.api_gateway.aws_api_gateway_integration.health_integration",
            "module.api_gateway.aws_api_gateway_integration.hours_integration",
            "module.api_gateway.aws_api_gateway_integration.hours_status_integration",
            "module.api_gateway.aws_api_gateway_integration.hours_today_integration",
            "module.api_gateway.aws_api_gateway_integration.hours_week_integration",
            "module.api_gateway.aws_api_gateway_integration.location_address_integration",
            "module.api_gateway.aws_api_gateway_integration.location_directions_integration",
            "module.api_gateway.aws_api_gateway_integration.location_integration",
            "module.api_gateway.aws_api_gateway_integration.location_parking_integration",
            "module.api_gateway.aws_api_gateway_integration.location_summary_integration",
            "module.api_gateway.aws_api_gateway_integration.location_transport_integration",
            "module.api_gateway.aws_api_gateway_integration.root_integration",
            "module.api_gateway.aws_api_gateway_integration.services_category_dynamic_integration",
            "module.api_gateway.aws_api_gateway_integration.services_category_integration",
            "module.api_gateway.aws_api_gateway_integration.services_integration",
            "module.api_gateway.aws_api_gateway_integration.services_popular_integration",
            "module.api_gateway.aws_api_gateway_integration.services_price_range_integration",
            "module.api_gateway.aws_api_gateway_integration.services_price_range_min_integration",
            "module.api_gateway.aws_api_gateway_integration.services_price_range_min_max_integration",
            "module.api_gateway.aws_api_gateway_integration.services_search_integration",
            "module.api_gateway.aws_api_gateway_integration.services_test_search_integration",
            "module.api_gateway.aws_api_gateway_integration.services_test_search_term_integration",
            "module.api_gateway.aws_api_gateway_integration.webhook_integration",
            "module.api_gateway.aws_api_gateway_method.appointments_available_times_date_get",
            "module.api_gateway.aws_api_gateway_method.appointments_available_times_get",
            "module.api_gateway.aws_api_gateway_method.appointments_book_post",
            "module.api_gateway.aws_api_gateway_method.appointments_parse_datetime_post",
            "module.api_gateway.aws_api_gateway_method.appointments_send_email_post",
            "module.api_gateway.aws_api_gateway_method.elevenlabs_health_get",
            "module.api_gateway.aws_api_gateway_method.general_about_get",
            "module.api_gateway.aws_api_gateway_method.general_contact_get",
            "module.api_gateway.aws_api_gateway_method.general_services_overview_get",
            "module.api_gateway.aws_api_gateway_method.general_status_get",
            "module.api_gateway.aws_api_gateway_method.general_welcome_get",
            "module.api_gateway.aws_api_gateway_method.health_get",
            "module.api_gateway.aws_api_gateway_method.hours_get",
            "module.api_gateway.aws_api_gateway_method.hours_status_get",
            "module.api_gateway.aws_api_gateway_method.hours_today_get",
            "module.api_gateway.aws_api_gateway_method.hours_week_get",
            "module.api_gateway.aws_api_gateway_method.location_address_get",
            "module.api_gateway.aws_api_gateway_method.location_directions_get",
            "module.api_gateway.aws_api_gateway_method.location_get",
            "module.api_gateway.aws_api_gateway_method.location_parking_get",
            "module.api_gateway.aws_api_gateway_method.location_summary_get",
            "module.api_gateway.aws_api_gateway_method.location_transport_get",
            "module.api_gateway.aws_api_gateway_method.root_get",
            "module.api_gateway.aws_api_gateway_method.services_category_dynamic_get",
            "module.api_gateway.aws_api_gateway_method.services_category_get",
            "module.api_gateway.aws_api_gateway_method.services_get",
            "module.api_gateway.aws_api_gateway_method.services_popular_get",
            "module.api_gateway.aws_api_gateway_method.services_price_range_get",
            "module.api_gateway.aws_api_gateway_method.services_price_range_min_get",
            "module.api_gateway.aws_api_gateway_method.services_price_range_min_max_get",
            "module.api_gateway.aws_api_gateway_method.services_search_get",
            "module.api_gateway.aws_api_gateway_method.services_test_search_get",
            "module.api_gateway.aws_api_gateway_method.services_test_search_term_get",
            "module.api_gateway.aws_api_gateway_method.webhook_post",
            "module.api_gateway.aws_api_gateway_resource.api",
            "module.api_gateway.aws_api_gateway_resource.appointments",
            "module.api_gateway.aws_api_gateway_resource.appointments_available_times",
            "module.api_gateway.aws_api_gateway_resource.appointments_available_times_date",
            "module.api_gateway.aws_api_gateway_resource.appointments_book",
            "module.api_gateway.aws_api_gateway_resource.appointments_parse_datetime",
            "module.api_gateway.aws_api_gateway_resource.appointments_send_email",
            "module.api_gateway.aws_api_gateway_resource.elevenlabs",
            "module.api_gateway.aws_api_gateway_resource.elevenlabs_health",
            "module.api_gateway.aws_api_gateway_resource.general",
            "module.api_gateway.aws_api_gateway_resource.general_about",
            "module.api_gateway.aws_api_gateway_resource.general_contact",
            "module.api_gateway.aws_api_gateway_resource.general_services_overview",
            "module.api_gateway.aws_api_gateway_resource.general_status",
            "module.api_gateway.aws_api_gateway_resource.general_welcome",
            "module.api_gateway.aws_api_gateway_resource.hours",
            "module.api_gateway.aws_api_gateway_resource.hours_status",
            "module.api_gateway.aws_api_gateway_resource.hours_today",
            "module.api_gateway.aws_api_gateway_resource.hours_week",
            "module.api_gateway.aws_api_gateway_resource.location",
            "module.api_gateway.aws_api_gateway_resource.location_address",
            "module.api_gateway.aws_api_gateway_resource.location_directions",
            "module.api_gateway.aws_api_gateway_resource.location_parking",
            "module.api_gateway.aws_api_gateway_resource.location_summary",
            "module.api_gateway.aws_api_gateway_resource.location_transport",
            "module.api_gateway.aws_api_gateway_resource.root",
            "module.api_gateway.aws_api_gateway_resource.services",
            "module.api_gateway.aws_api_gateway_resource.services_category",
            "module.api_gateway.aws_api_gateway_resource.services_category_dynamic",
            "module.api_gateway.aws_api_gateway_resource.services_popular",
            "module.api_gateway.aws_api_gateway_resource.services_price_range",
            "module.api_gateway.aws_api_gateway_resource.services_price_range_min",
            "module.api_gateway.aws_api_gateway_resource.services_price_range_min_max",
            "module.api_gateway.aws_api_gateway_resource.services_search",
            "module.api_gateway.aws_api_gateway_resource.services_test_search",
            "module.api_gateway.aws_api_gateway_resource.services_test_search_term",
            "module.api_gateway.aws_api_gateway_resource.webhook",
            "module.api_gateway.aws_api_gateway_rest_api.service_bot"
          ]
        }
      ]
    }
  ],
  "check_results": null
}
